// !$*UTF8*$!
{
	archiveVersion = 1;
	classes = {
	};
	objectVersion = 73;
	objects = {

/* Begin PBXBuildFile section */
		080841FC29C8FBF10030BB7E /* AppDelegate.swift in Sources */ = {isa = PBXBuildFile; fileRef = 080841FB29C8FBF10030BB7E /* AppDelegate.swift */; };
		080841FE29C8FBF10030BB7E /* SceneDelegate.swift in Sources */ = {isa = PBXBuildFile; fileRef = 080841FD29C8FBF10030BB7E /* SceneDelegate.swift */; };
		0808420029C8FBF10030BB7E /* ViewController.swift in Sources */ = {isa = PBXBuildFile; fileRef = 080841FF29C8FBF10030BB7E /* ViewController.swift */; };
		0808420329C8FBF10030BB7E /* Main.storyboard in Resources */ = {isa = PBXBuildFile; fileRef = 0808420129C8FBF10030BB7E /* Main.storyboard */; };
		0808420629C8FBF10030BB7E /* Horizonte_Fahrtenbuch.xcdatamodeld in Sources */ = {isa = PBXBuildFile; fileRef = 0808420429C8FBF10030BB7E /* Horizonte_Fahrtenbuch.xcdatamodeld */; };
		0808420829C8FBF20030BB7E /* Assets.xcassets in Resources */ = {isa = PBXBuildFile; fileRef = 0808420729C8FBF20030BB7E /* Assets.xcassets */; };
		0808420B29C8FBF20030BB7E /* LaunchScreen.storyboard in Resources */ = {isa = PBXBuildFile; fileRef = 0808420929C8FBF20030BB7E /* LaunchScreen.storyboard */; };
		0808422029C8FBF20030BB7E /* Horizonte_FahrtenbuchUITests.swift in Sources */ = {isa = PBXBuildFile; fileRef = 0808421F29C8FBF20030BB7E /* Horizonte_FahrtenbuchUITests.swift */; };
		0808422229C8FBF20030BB7E /* Horizonte_FahrtenbuchUITestsLaunchTests.swift in Sources */ = {isa = PBXBuildFile; fileRef = 0808422129C8FBF20030BB7E /* Horizonte_FahrtenbuchUITestsLaunchTests.swift */; };
		0809EB5829CD0A2500401FF3 /* Horizonte_FahrtenbuchTests.swift in Sources */ = {isa = PBXBuildFile; fileRef = 0808421529C8FBF20030BB7E /* Horizonte_FahrtenbuchTests.swift */; };
		080DEDF029F33A1800E51F8D /* currentRide.swift in Sources */ = {isa = PBXBuildFile; fileRef = 080DEDEF29F33A1800E51F8D /* currentRide.swift */; };
		0819182A2A37A150001D5C84 /* authenticationFailedViewController.swift in Sources */ = {isa = PBXBuildFile; fileRef = 081918292A37A150001D5C84 /* authenticationFailedViewController.swift */; };
		082C98D329F6E9FC00296204 /* pastRidesTableViewController.swift in Sources */ = {isa = PBXBuildFile; fileRef = 082C98D229F6E9FC00296204 /* pastRidesTableViewController.swift */; };
		0830F3942A116E8200B061A3 /* customAnnotations.swift in Sources */ = {isa = PBXBuildFile; fileRef = 0830F3932A116E8200B061A3 /* customAnnotations.swift */; };
		084F85E32A0EC61900D1045D /* clientDetailViewController.swift in Sources */ = {isa = PBXBuildFile; fileRef = 084F85E22A0EC61900D1045D /* clientDetailViewController.swift */; };
		085DAE992A18FAE60028450A /* statsViewController.swift in Sources */ = {isa = PBXBuildFile; fileRef = 085DAE982A18FAE60028450A /* statsViewController.swift */; };
		085DAE9B2A1901FD0028450A /* pastMonthRidesCell.swift in Sources */ = {isa = PBXBuildFile; fileRef = 085DAE9A2A1901FD0028450A /* pastMonthRidesCell.swift */; };
		085DAE9D2A1909AC0028450A /* pastMonthRides.swift in Sources */ = {isa = PBXBuildFile; fileRef = 085DAE9C2A1909AC0028450A /* pastMonthRides.swift */; };
		0863585A29F30C4100FA36D1 /* addContactViewController.swift in Sources */ = {isa = PBXBuildFile; fileRef = 0863585929F30C4100FA36D1 /* addContactViewController.swift */; };
		087319512A1FEF8E008B3704 /* archivedRidesTableViewCell.swift in Sources */ = {isa = PBXBuildFile; fileRef = 087319502A1FEF8E008B3704 /* archivedRidesTableViewCell.swift */; };
		087319552A1FF593008B3704 /* archivedRides.swift in Sources */ = {isa = PBXBuildFile; fileRef = 087319542A1FF593008B3704 /* archivedRides.swift */; };
		087696C429F9C8D700246942 /* pastRidesTableViewCell.swift in Sources */ = {isa = PBXBuildFile; fileRef = 087696C329F9C8D700246942 /* pastRidesTableViewCell.swift */; };
		087F308029CD07C0009E52FC /* MainMapViewViewController.swift in Sources */ = {isa = PBXBuildFile; fileRef = 087F307F29CD07C0009E52FC /* MainMapViewViewController.swift */; };
		08988D522A05165500425F0A /* addRideViewController.swift in Sources */ = {isa = PBXBuildFile; fileRef = 08988D512A05165500425F0A /* addRideViewController.swift */; };
		08A9CC4629F3217A00D3D3A6 /* clients.swift in Sources */ = {isa = PBXBuildFile; fileRef = 08A9CC4529F3217A00D3D3A6 /* clients.swift */; };
		08AC0BFA2AC8A55000F2E253 /* MusicKit.framework in Frameworks */ = {isa = PBXBuildFile; fileRef = 08AC0BF92AC8A55000F2E253 /* MusicKit.framework */; };
		08B0BDC42A1EB3E200E3D675 /* personalDetailsViewController.swift in Sources */ = {isa = PBXBuildFile; fileRef = 08B0BDC32A1EB3E200E3D675 /* personalDetailsViewController.swift */; };
		08B0BDC62A1EB4F700E3D675 /* personalDetails.swift in Sources */ = {isa = PBXBuildFile; fileRef = 08B0BDC52A1EB4F700E3D675 /* personalDetails.swift */; };
		08B1A23C2A201898004291A8 /* archivedRidesTableViewController.swift in Sources */ = {isa = PBXBuildFile; fileRef = 087319522A1FF195008B3704 /* archivedRidesTableViewController.swift */; };
		08C9BFBA29F5CB040005DDA4 /* contactsTableViewController.swift in Sources */ = {isa = PBXBuildFile; fileRef = 08C9BFB929F5CB040005DDA4 /* contactsTableViewController.swift */; };
		08CDD3D82A1406EF00D44868 /* routeDetailViewController.swift in Sources */ = {isa = PBXBuildFile; fileRef = 08CDD3D72A1406EF00D44868 /* routeDetailViewController.swift */; };
		08DBAB2529EDE50C0044981E /* WidgetKit.framework in Frameworks */ = {isa = PBXBuildFile; fileRef = 08DBAB2429EDE50C0044981E /* WidgetKit.framework */; };
		08DBAB2729EDE50C0044981E /* SwiftUI.framework in Frameworks */ = {isa = PBXBuildFile; fileRef = 08DBAB2629EDE50C0044981E /* SwiftUI.framework */; };
		08DBAB2A29EDE50C0044981E /* FahrtenbuchBundle.swift in Sources */ = {isa = PBXBuildFile; fileRef = 08DBAB2929EDE50C0044981E /* FahrtenbuchBundle.swift */; };
		08DBAB3129EDE50D0044981E /* Assets.xcassets in Resources */ = {isa = PBXBuildFile; fileRef = 08DBAB3029EDE50D0044981E /* Assets.xcassets */; };
		08DBAB3329EDE50D0044981E /* Fahrtenbuch.intentdefinition in Sources */ = {isa = PBXBuildFile; fileRef = 08DBAB2F29EDE50C0044981E /* Fahrtenbuch.intentdefinition */; };
		08DBAB3429EDE50D0044981E /* Fahrtenbuch.intentdefinition in Sources */ = {isa = PBXBuildFile; fileRef = 08DBAB2F29EDE50C0044981E /* Fahrtenbuch.intentdefinition */; };
		08DBAB3729EDE50D0044981E /* FahrtenbuchExtension.appex in Embed Foundation Extensions */ = {isa = PBXBuildFile; fileRef = 08DBAB2229EDE50C0044981E /* FahrtenbuchExtension.appex */; settings = {ATTRIBUTES = (RemoveHeadersOnCopy, ); }; };
		08DCB78829FD3D5700446CD0 /* clientsTableViewCell.swift in Sources */ = {isa = PBXBuildFile; fileRef = 08DCB78729FD3D5700446CD0 /* clientsTableViewCell.swift */; };
		08F11B842A255D1B00B0C815 /* FahrtenbuchLiveActivity.swift in Sources */ = {isa = PBXBuildFile; fileRef = 08DBAB2B29EDE50C0044981E /* FahrtenbuchLiveActivity.swift */; };
		215843398513F5EE620DA2C8 /* Pods_Horizonte_Fahrtenbuch.framework in Frameworks */ = {isa = PBXBuildFile; fileRef = 8AC1D19FF7D639DD60B18A25 /* Pods_Horizonte_Fahrtenbuch.framework */; };
		38EDF0F2BE9D4C5DA04D4C46 /* Pods_Horizonte_FahrtenbuchTests.framework in Frameworks */ = {isa = PBXBuildFile; fileRef = EC2A7B7074F1443BE8CDCE66 /* Pods_Horizonte_FahrtenbuchTests.framework */; };
		B434CC2C4B5735CD7C26B90B /* Pods_FahrtenbuchExtension.framework in Frameworks */ = {isa = PBXBuildFile; fileRef = 5C177AD291D1A81CEEDA8F4D /* Pods_FahrtenbuchExtension.framework */; };
		FA2B2ED2E0D1058F5A032359 /* Pods_Horizonte_Fahrtenbuch_Horizonte_FahrtenbuchUITests.framework in Frameworks */ = {isa = PBXBuildFile; fileRef = BFAAA6B7D6E6BFD0038A5072 /* Pods_Horizonte_Fahrtenbuch_Horizonte_FahrtenbuchUITests.framework */; };
/* End PBXBuildFile section */

/* Begin PBXContainerItemProxy section */
		0808421229C8FBF20030BB7E /* PBXContainerItemProxy */ = {
			isa = PBXContainerItemProxy;
			containerPortal = 080841F029C8FBF10030BB7E /* Project object */;
			proxyType = 1;
			remoteGlobalIDString = 080841F729C8FBF10030BB7E;
			remoteInfo = "Horizonte Fahrtenbuch";
		};
		0808421C29C8FBF20030BB7E /* PBXContainerItemProxy */ = {
			isa = PBXContainerItemProxy;
			containerPortal = 080841F029C8FBF10030BB7E /* Project object */;
			proxyType = 1;
			remoteGlobalIDString = 080841F729C8FBF10030BB7E;
			remoteInfo = "Horizonte Fahrtenbuch";
		};
		08DBAB3529EDE50D0044981E /* PBXContainerItemProxy */ = {
			isa = PBXContainerItemProxy;
			containerPortal = 080841F029C8FBF10030BB7E /* Project object */;
			proxyType = 1;
			remoteGlobalIDString = 08DBAB2129EDE50C0044981E;
			remoteInfo = FahrtenbuchExtension;
		};
/* End PBXContainerItemProxy section */

/* Begin PBXCopyFilesBuildPhase section */
		08DBAB3829EDE50D0044981E /* Embed Foundation Extensions */ = {
			isa = PBXCopyFilesBuildPhase;
			buildActionMask = 2147483647;
			dstPath = "";
			dstSubfolderSpec = 13;
			files = (
				08DBAB3729EDE50D0044981E /* FahrtenbuchExtension.appex in Embed Foundation Extensions */,
			);
			name = "Embed Foundation Extensions";
			runOnlyForDeploymentPostprocessing = 0;
		};
/* End PBXCopyFilesBuildPhase section */

/* Begin PBXFileReference section */
		080841F829C8FBF10030BB7E /* Horizonte Fahrtenbuch.app */ = {isa = PBXFileReference; explicitFileType = wrapper.application; includeInIndex = 0; path = "Horizonte Fahrtenbuch.app"; sourceTree = BUILT_PRODUCTS_DIR; };
		080841FB29C8FBF10030BB7E /* AppDelegate.swift */ = {isa = PBXFileReference; lastKnownFileType = sourcecode.swift; path = AppDelegate.swift; sourceTree = "<group>"; };
		080841FD29C8FBF10030BB7E /* SceneDelegate.swift */ = {isa = PBXFileReference; lastKnownFileType = sourcecode.swift; path = SceneDelegate.swift; sourceTree = "<group>"; };
		080841FF29C8FBF10030BB7E /* ViewController.swift */ = {isa = PBXFileReference; lastKnownFileType = sourcecode.swift; path = ViewController.swift; sourceTree = "<group>"; };
		0808420229C8FBF10030BB7E /* Base */ = {isa = PBXFileReference; lastKnownFileType = file.storyboard; name = Base; path = Base.lproj/Main.storyboard; sourceTree = "<group>"; };
		0808420529C8FBF10030BB7E /* Horizonte_Fahrtenbuch.xcdatamodel */ = {isa = PBXFileReference; lastKnownFileType = wrapper.xcdatamodel; path = Horizonte_Fahrtenbuch.xcdatamodel; sourceTree = "<group>"; };
		0808420729C8FBF20030BB7E /* Assets.xcassets */ = {isa = PBXFileReference; lastKnownFileType = folder.assetcatalog; path = Assets.xcassets; sourceTree = "<group>"; };
		0808420A29C8FBF20030BB7E /* Base */ = {isa = PBXFileReference; lastKnownFileType = file.storyboard; name = Base; path = Base.lproj/LaunchScreen.storyboard; sourceTree = "<group>"; };
		0808420C29C8FBF20030BB7E /* Info.plist */ = {isa = PBXFileReference; lastKnownFileType = text.plist.xml; path = Info.plist; sourceTree = "<group>"; };
		0808421129C8FBF20030BB7E /* Horizonte FahrtenbuchTests.xctest */ = {isa = PBXFileReference; explicitFileType = wrapper.cfbundle; includeInIndex = 0; path = "Horizonte FahrtenbuchTests.xctest"; sourceTree = BUILT_PRODUCTS_DIR; };
		0808421529C8FBF20030BB7E /* Horizonte_FahrtenbuchTests.swift */ = {isa = PBXFileReference; lastKnownFileType = sourcecode.swift; path = Horizonte_FahrtenbuchTests.swift; sourceTree = "<group>"; };
		0808421B29C8FBF20030BB7E /* Horizonte FahrtenbuchUITests.xctest */ = {isa = PBXFileReference; explicitFileType = wrapper.cfbundle; includeInIndex = 0; path = "Horizonte FahrtenbuchUITests.xctest"; sourceTree = BUILT_PRODUCTS_DIR; };
		0808421F29C8FBF20030BB7E /* Horizonte_FahrtenbuchUITests.swift */ = {isa = PBXFileReference; lastKnownFileType = sourcecode.swift; path = Horizonte_FahrtenbuchUITests.swift; sourceTree = "<group>"; };
		0808422129C8FBF20030BB7E /* Horizonte_FahrtenbuchUITestsLaunchTests.swift */ = {isa = PBXFileReference; lastKnownFileType = sourcecode.swift; path = Horizonte_FahrtenbuchUITestsLaunchTests.swift; sourceTree = "<group>"; };
		080DEDEF29F33A1800E51F8D /* currentRide.swift */ = {isa = PBXFileReference; lastKnownFileType = sourcecode.swift; path = currentRide.swift; sourceTree = "<group>"; };
		081918292A37A150001D5C84 /* authenticationFailedViewController.swift */ = {isa = PBXFileReference; lastKnownFileType = sourcecode.swift; path = authenticationFailedViewController.swift; sourceTree = "<group>"; };
		082C98D029F6E4BA00296204 /* de */ = {isa = PBXFileReference; lastKnownFileType = text.plist.strings; name = de; path = de.lproj/Main.strings; sourceTree = "<group>"; };
		082C98D129F6E4BA00296204 /* de */ = {isa = PBXFileReference; lastKnownFileType = text.plist.strings; name = de; path = de.lproj/LaunchScreen.strings; sourceTree = "<group>"; };
		082C98D229F6E9FC00296204 /* pastRidesTableViewController.swift */ = {isa = PBXFileReference; lastKnownFileType = sourcecode.swift; path = pastRidesTableViewController.swift; sourceTree = "<group>"; };
		0830F3932A116E8200B061A3 /* customAnnotations.swift */ = {isa = PBXFileReference; lastKnownFileType = sourcecode.swift; path = customAnnotations.swift; sourceTree = "<group>"; };
		084934DC2A2678E400EC7E42 /* FahrtenbuchExtension.entitlements */ = {isa = PBXFileReference; lastKnownFileType = text.plist.entitlements; path = FahrtenbuchExtension.entitlements; sourceTree = "<group>"; };
		084F85E22A0EC61900D1045D /* clientDetailViewController.swift */ = {isa = PBXFileReference; lastKnownFileType = sourcecode.swift; path = clientDetailViewController.swift; sourceTree = "<group>"; };
		085DAE982A18FAE60028450A /* statsViewController.swift */ = {isa = PBXFileReference; lastKnownFileType = sourcecode.swift; path = statsViewController.swift; sourceTree = "<group>"; };
		085DAE9A2A1901FD0028450A /* pastMonthRidesCell.swift */ = {isa = PBXFileReference; lastKnownFileType = sourcecode.swift; path = pastMonthRidesCell.swift; sourceTree = "<group>"; };
		085DAE9C2A1909AC0028450A /* pastMonthRides.swift */ = {isa = PBXFileReference; lastKnownFileType = sourcecode.swift; path = pastMonthRides.swift; sourceTree = "<group>"; };
		0863585929F30C4100FA36D1 /* addContactViewController.swift */ = {isa = PBXFileReference; lastKnownFileType = sourcecode.swift; path = addContactViewController.swift; sourceTree = "<group>"; };
		087319502A1FEF8E008B3704 /* archivedRidesTableViewCell.swift */ = {isa = PBXFileReference; lastKnownFileType = sourcecode.swift; path = archivedRidesTableViewCell.swift; sourceTree = "<group>"; };
		087319522A1FF195008B3704 /* archivedRidesTableViewController.swift */ = {isa = PBXFileReference; lastKnownFileType = sourcecode.swift; path = archivedRidesTableViewController.swift; sourceTree = "<group>"; };
		087319542A1FF593008B3704 /* archivedRides.swift */ = {isa = PBXFileReference; lastKnownFileType = sourcecode.swift; path = archivedRides.swift; sourceTree = "<group>"; };
		087696C329F9C8D700246942 /* pastRidesTableViewCell.swift */ = {isa = PBXFileReference; lastKnownFileType = sourcecode.swift; path = pastRidesTableViewCell.swift; sourceTree = "<group>"; };
		087F307C29CCFC29009E52FC /* Horizonte Fahrtenbuch.entitlements */ = {isa = PBXFileReference; lastKnownFileType = text.plist.entitlements; path = "Horizonte Fahrtenbuch.entitlements"; sourceTree = "<group>"; };
		087F307F29CD07C0009E52FC /* MainMapViewViewController.swift */ = {isa = PBXFileReference; lastKnownFileType = sourcecode.swift; path = MainMapViewViewController.swift; sourceTree = "<group>"; };
		08988D512A05165500425F0A /* addRideViewController.swift */ = {isa = PBXFileReference; lastKnownFileType = sourcecode.swift; path = addRideViewController.swift; sourceTree = "<group>"; };
		08A9CC4529F3217A00D3D3A6 /* clients.swift */ = {isa = PBXFileReference; lastKnownFileType = sourcecode.swift; path = clients.swift; sourceTree = "<group>"; };
		08AC0BF92AC8A55000F2E253 /* MusicKit.framework */ = {isa = PBXFileReference; lastKnownFileType = wrapper.framework; name = MusicKit.framework; path = System/Library/Frameworks/MusicKit.framework; sourceTree = SDKROOT; };
		08B0BDC32A1EB3E200E3D675 /* personalDetailsViewController.swift */ = {isa = PBXFileReference; lastKnownFileType = sourcecode.swift; path = personalDetailsViewController.swift; sourceTree = "<group>"; };
		08B0BDC52A1EB4F700E3D675 /* personalDetails.swift */ = {isa = PBXFileReference; lastKnownFileType = sourcecode.swift; path = personalDetails.swift; sourceTree = "<group>"; };
		08C9BFB929F5CB040005DDA4 /* contactsTableViewController.swift */ = {isa = PBXFileReference; lastKnownFileType = sourcecode.swift; path = contactsTableViewController.swift; sourceTree = "<group>"; };
		08CDD3D72A1406EF00D44868 /* routeDetailViewController.swift */ = {isa = PBXFileReference; lastKnownFileType = sourcecode.swift; path = routeDetailViewController.swift; sourceTree = "<group>"; };
		08DBAB2229EDE50C0044981E /* FahrtenbuchExtension.appex */ = {isa = PBXFileReference; explicitFileType = "wrapper.app-extension"; includeInIndex = 0; path = FahrtenbuchExtension.appex; sourceTree = BUILT_PRODUCTS_DIR; };
		08DBAB2429EDE50C0044981E /* WidgetKit.framework */ = {isa = PBXFileReference; lastKnownFileType = wrapper.framework; name = WidgetKit.framework; path = System/Library/Frameworks/WidgetKit.framework; sourceTree = SDKROOT; };
		08DBAB2629EDE50C0044981E /* SwiftUI.framework */ = {isa = PBXFileReference; lastKnownFileType = wrapper.framework; name = SwiftUI.framework; path = System/Library/Frameworks/SwiftUI.framework; sourceTree = SDKROOT; };
		08DBAB2929EDE50C0044981E /* FahrtenbuchBundle.swift */ = {isa = PBXFileReference; lastKnownFileType = sourcecode.swift; path = FahrtenbuchBundle.swift; sourceTree = "<group>"; };
		08DBAB2B29EDE50C0044981E /* FahrtenbuchLiveActivity.swift */ = {isa = PBXFileReference; lastKnownFileType = sourcecode.swift; path = FahrtenbuchLiveActivity.swift; sourceTree = "<group>"; };
		08DBAB2D29EDE50C0044981E /* Fahrtenbuch.swift */ = {isa = PBXFileReference; lastKnownFileType = sourcecode.swift; path = Fahrtenbuch.swift; sourceTree = "<group>"; };
		08DBAB2F29EDE50C0044981E /* Fahrtenbuch.intentdefinition */ = {isa = PBXFileReference; lastKnownFileType = file.intentdefinition; path = Fahrtenbuch.intentdefinition; sourceTree = "<group>"; };
		08DBAB3029EDE50D0044981E /* Assets.xcassets */ = {isa = PBXFileReference; lastKnownFileType = folder.assetcatalog; path = Assets.xcassets; sourceTree = "<group>"; };
		08DBAB3229EDE50D0044981E /* Info.plist */ = {isa = PBXFileReference; lastKnownFileType = text.plist.xml; path = Info.plist; sourceTree = "<group>"; };
		08DCB78729FD3D5700446CD0 /* clientsTableViewCell.swift */ = {isa = PBXFileReference; lastKnownFileType = sourcecode.swift; path = clientsTableViewCell.swift; sourceTree = "<group>"; };
		1FBF772E11CADD19668D201E /* Pods-Horizonte FahrtenbuchTests.release.xcconfig */ = {isa = PBXFileReference; includeInIndex = 1; lastKnownFileType = text.xcconfig; name = "Pods-Horizonte FahrtenbuchTests.release.xcconfig"; path = "Target Support Files/Pods-Horizonte FahrtenbuchTests/Pods-Horizonte FahrtenbuchTests.release.xcconfig"; sourceTree = "<group>"; };
		24DECB3533A8C9A7D0B84DA0 /* Pods-Horizonte Fahrtenbuch.release.xcconfig */ = {isa = PBXFileReference; includeInIndex = 1; lastKnownFileType = text.xcconfig; name = "Pods-Horizonte Fahrtenbuch.release.xcconfig"; path = "Target Support Files/Pods-Horizonte Fahrtenbuch/Pods-Horizonte Fahrtenbuch.release.xcconfig"; sourceTree = "<group>"; };
		426ADBA398AA54E9D8420BCF /* Pods-Horizonte Fahrtenbuch-Horizonte FahrtenbuchUITests.debug.xcconfig */ = {isa = PBXFileReference; includeInIndex = 1; lastKnownFileType = text.xcconfig; name = "Pods-Horizonte Fahrtenbuch-Horizonte FahrtenbuchUITests.debug.xcconfig"; path = "Target Support Files/Pods-Horizonte Fahrtenbuch-Horizonte FahrtenbuchUITests/Pods-Horizonte Fahrtenbuch-Horizonte FahrtenbuchUITests.debug.xcconfig"; sourceTree = "<group>"; };
		5C177AD291D1A81CEEDA8F4D /* Pods_FahrtenbuchExtension.framework */ = {isa = PBXFileReference; explicitFileType = wrapper.framework; includeInIndex = 0; path = Pods_FahrtenbuchExtension.framework; sourceTree = BUILT_PRODUCTS_DIR; };
		6EDFE0C522DF133C2030F7D8 /* Pods-FahrtenbuchExtension.release.xcconfig */ = {isa = PBXFileReference; includeInIndex = 1; lastKnownFileType = text.xcconfig; name = "Pods-FahrtenbuchExtension.release.xcconfig"; path = "Target Support Files/Pods-FahrtenbuchExtension/Pods-FahrtenbuchExtension.release.xcconfig"; sourceTree = "<group>"; };
		8AC1D19FF7D639DD60B18A25 /* Pods_Horizonte_Fahrtenbuch.framework */ = {isa = PBXFileReference; explicitFileType = wrapper.framework; includeInIndex = 0; path = Pods_Horizonte_Fahrtenbuch.framework; sourceTree = BUILT_PRODUCTS_DIR; };
		AA59741F7A6C29B6E835E840 /* Pods-Horizonte FahrtenbuchTests.debug.xcconfig */ = {isa = PBXFileReference; includeInIndex = 1; lastKnownFileType = text.xcconfig; name = "Pods-Horizonte FahrtenbuchTests.debug.xcconfig"; path = "Target Support Files/Pods-Horizonte FahrtenbuchTests/Pods-Horizonte FahrtenbuchTests.debug.xcconfig"; sourceTree = "<group>"; };
		BF0EC0B97D5DE7750E88D813 /* Pods-FahrtenbuchExtension.debug.xcconfig */ = {isa = PBXFileReference; includeInIndex = 1; lastKnownFileType = text.xcconfig; name = "Pods-FahrtenbuchExtension.debug.xcconfig"; path = "Target Support Files/Pods-FahrtenbuchExtension/Pods-FahrtenbuchExtension.debug.xcconfig"; sourceTree = "<group>"; };
		BFAAA6B7D6E6BFD0038A5072 /* Pods_Horizonte_Fahrtenbuch_Horizonte_FahrtenbuchUITests.framework */ = {isa = PBXFileReference; explicitFileType = wrapper.framework; includeInIndex = 0; path = Pods_Horizonte_Fahrtenbuch_Horizonte_FahrtenbuchUITests.framework; sourceTree = BUILT_PRODUCTS_DIR; };
		CF1ABC8476EE7ADC5D9964EB /* Pods-Horizonte Fahrtenbuch-Horizonte FahrtenbuchUITests.release.xcconfig */ = {isa = PBXFileReference; includeInIndex = 1; lastKnownFileType = text.xcconfig; name = "Pods-Horizonte Fahrtenbuch-Horizonte FahrtenbuchUITests.release.xcconfig"; path = "Target Support Files/Pods-Horizonte Fahrtenbuch-Horizonte FahrtenbuchUITests/Pods-Horizonte Fahrtenbuch-Horizonte FahrtenbuchUITests.release.xcconfig"; sourceTree = "<group>"; };
		EC2A7B7074F1443BE8CDCE66 /* Pods_Horizonte_FahrtenbuchTests.framework */ = {isa = PBXFileReference; explicitFileType = wrapper.framework; includeInIndex = 0; path = Pods_Horizonte_FahrtenbuchTests.framework; sourceTree = BUILT_PRODUCTS_DIR; };
		FBEB36B01A5B9F54A52F81EF /* Pods-Horizonte Fahrtenbuch.debug.xcconfig */ = {isa = PBXFileReference; includeInIndex = 1; lastKnownFileType = text.xcconfig; name = "Pods-Horizonte Fahrtenbuch.debug.xcconfig"; path = "Target Support Files/Pods-Horizonte Fahrtenbuch/Pods-Horizonte Fahrtenbuch.debug.xcconfig"; sourceTree = "<group>"; };
/* End PBXFileReference section */

/* Begin PBXFrameworksBuildPhase section */
		080841F529C8FBF10030BB7E /* Frameworks */ = {
			isa = PBXFrameworksBuildPhase;
			buildActionMask = 2147483647;
			files = (
				08AC0BFA2AC8A55000F2E253 /* MusicKit.framework in Frameworks */,
				215843398513F5EE620DA2C8 /* Pods_Horizonte_Fahrtenbuch.framework in Frameworks */,
			);
			runOnlyForDeploymentPostprocessing = 0;
		};
		0808420E29C8FBF20030BB7E /* Frameworks */ = {
			isa = PBXFrameworksBuildPhase;
			buildActionMask = 2147483647;
			files = (
				38EDF0F2BE9D4C5DA04D4C46 /* Pods_Horizonte_FahrtenbuchTests.framework in Frameworks */,
			);
			runOnlyForDeploymentPostprocessing = 0;
		};
		0808421829C8FBF20030BB7E /* Frameworks */ = {
			isa = PBXFrameworksBuildPhase;
			buildActionMask = 2147483647;
			files = (
				FA2B2ED2E0D1058F5A032359 /* Pods_Horizonte_Fahrtenbuch_Horizonte_FahrtenbuchUITests.framework in Frameworks */,
			);
			runOnlyForDeploymentPostprocessing = 0;
		};
		08DBAB1F29EDE50C0044981E /* Frameworks */ = {
			isa = PBXFrameworksBuildPhase;
			buildActionMask = 2147483647;
			files = (
				08DBAB2729EDE50C0044981E /* SwiftUI.framework in Frameworks */,
				08DBAB2529EDE50C0044981E /* WidgetKit.framework in Frameworks */,
				B434CC2C4B5735CD7C26B90B /* Pods_FahrtenbuchExtension.framework in Frameworks */,
			);
			runOnlyForDeploymentPostprocessing = 0;
		};
/* End PBXFrameworksBuildPhase section */

/* Begin PBXGroup section */
		080841EF29C8FBF10030BB7E = {
			isa = PBXGroup;
			children = (
				084934DC2A2678E400EC7E42 /* FahrtenbuchExtension.entitlements */,
				0808420429C8FBF10030BB7E /* Horizonte_Fahrtenbuch.xcdatamodeld */,
				087F307C29CCFC29009E52FC /* Horizonte Fahrtenbuch.entitlements */,
				0808420729C8FBF20030BB7E /* Assets.xcassets */,
				0808420C29C8FBF20030BB7E /* Info.plist */,
				080841FA29C8FBF10030BB7E /* Horizonte Fahrtenbuch */,
				0808421429C8FBF20030BB7E /* Horizonte FahrtenbuchTests */,
				0808421E29C8FBF20030BB7E /* Horizonte FahrtenbuchUITests */,
				08DBAB2829EDE50C0044981E /* Fahrtenbuch */,
				08DBAB2329EDE50C0044981E /* Frameworks */,
				080841F929C8FBF10030BB7E /* Products */,
				C5D31A3C70CF61523A782BC1 /* Pods */,
			);
			sourceTree = "<group>";
		};
		080841F929C8FBF10030BB7E /* Products */ = {
			isa = PBXGroup;
			children = (
				080841F829C8FBF10030BB7E /* Horizonte Fahrtenbuch.app */,
				0808421129C8FBF20030BB7E /* Horizonte FahrtenbuchTests.xctest */,
				0808421B29C8FBF20030BB7E /* Horizonte FahrtenbuchUITests.xctest */,
				08DBAB2229EDE50C0044981E /* FahrtenbuchExtension.appex */,
			);
			name = Products;
			sourceTree = "<group>";
		};
		080841FA29C8FBF10030BB7E /* Horizonte Fahrtenbuch */ = {
			isa = PBXGroup;
			children = (
				08D09BD62A01AF8900ED0C09 /* Helper Classes */,
				087696C229F9C8C500246942 /* Custom Cells */,
				08C9BFB429F5BE220005DDA4 /* List Views */,
				08A9CC4429F3215E00D3D3A6 /* Datamodels */,
				0863585829F30C2000FA36D1 /* SubscreenClasses */,
				0816062929F0430C00B6F4A3 /* DetailViews */,
				087F308329CD0891009E52FC /* Delegates */,
				087F308229CD085D009E52FC /* Storyboards */,
				087F308129CD0844009E52FC /* Main Classes */,
			);
			path = "Horizonte Fahrtenbuch";
			sourceTree = "<group>";
		};
		0808421429C8FBF20030BB7E /* Horizonte FahrtenbuchTests */ = {
			isa = PBXGroup;
			children = (
				0808421529C8FBF20030BB7E /* Horizonte_FahrtenbuchTests.swift */,
			);
			path = "Horizonte FahrtenbuchTests";
			sourceTree = "<group>";
		};
		0808421E29C8FBF20030BB7E /* Horizonte FahrtenbuchUITests */ = {
			isa = PBXGroup;
			children = (
				0808421F29C8FBF20030BB7E /* Horizonte_FahrtenbuchUITests.swift */,
				0808422129C8FBF20030BB7E /* Horizonte_FahrtenbuchUITestsLaunchTests.swift */,
			);
			path = "Horizonte FahrtenbuchUITests";
			sourceTree = "<group>";
		};
		0816062929F0430C00B6F4A3 /* DetailViews */ = {
			isa = PBXGroup;
			children = (
				084F85E22A0EC61900D1045D /* clientDetailViewController.swift */,
				08CDD3D72A1406EF00D44868 /* routeDetailViewController.swift */,
				085DAE982A18FAE60028450A /* statsViewController.swift */,
			);
			path = DetailViews;
			sourceTree = "<group>";
		};
		0863585829F30C2000FA36D1 /* SubscreenClasses */ = {
			isa = PBXGroup;
			children = (
				0863585929F30C4100FA36D1 /* addContactViewController.swift */,
				08988D512A05165500425F0A /* addRideViewController.swift */,
			);
			path = SubscreenClasses;
			sourceTree = "<group>";
		};
		087696C229F9C8C500246942 /* Custom Cells */ = {
			isa = PBXGroup;
			children = (
				087696C329F9C8D700246942 /* pastRidesTableViewCell.swift */,
				08DCB78729FD3D5700446CD0 /* clientsTableViewCell.swift */,
				085DAE9A2A1901FD0028450A /* pastMonthRidesCell.swift */,
				087319502A1FEF8E008B3704 /* archivedRidesTableViewCell.swift */,
			);
			path = "Custom Cells";
			sourceTree = "<group>";
		};
		087F308129CD0844009E52FC /* Main Classes */ = {
			isa = PBXGroup;
			children = (
				080841FF29C8FBF10030BB7E /* ViewController.swift */,
				087F307F29CD07C0009E52FC /* MainMapViewViewController.swift */,
			);
			path = "Main Classes";
			sourceTree = "<group>";
		};
		087F308229CD085D009E52FC /* Storyboards */ = {
			isa = PBXGroup;
			children = (
				0808420129C8FBF10030BB7E /* Main.storyboard */,
				0808420929C8FBF20030BB7E /* LaunchScreen.storyboard */,
			);
			path = Storyboards;
			sourceTree = "<group>";
		};
		087F308329CD0891009E52FC /* Delegates */ = {
			isa = PBXGroup;
			children = (
				080841FB29C8FBF10030BB7E /* AppDelegate.swift */,
				080841FD29C8FBF10030BB7E /* SceneDelegate.swift */,
			);
			path = Delegates;
			sourceTree = "<group>";
		};
		08A9CC4429F3215E00D3D3A6 /* Datamodels */ = {
			isa = PBXGroup;
			children = (
				08A9CC4529F3217A00D3D3A6 /* clients.swift */,
				080DEDEF29F33A1800E51F8D /* currentRide.swift */,
				085DAE9C2A1909AC0028450A /* pastMonthRides.swift */,
				08B0BDC52A1EB4F700E3D675 /* personalDetails.swift */,
				087319542A1FF593008B3704 /* archivedRides.swift */,
			);
			path = Datamodels;
			sourceTree = "<group>";
		};
		08C9BFB429F5BE220005DDA4 /* List Views */ = {
			isa = PBXGroup;
			children = (
				08C9BFB929F5CB040005DDA4 /* contactsTableViewController.swift */,
				082C98D229F6E9FC00296204 /* pastRidesTableViewController.swift */,
				087319522A1FF195008B3704 /* archivedRidesTableViewController.swift */,
			);
			path = "List Views";
			sourceTree = "<group>";
		};
		08D09BD62A01AF8900ED0C09 /* Helper Classes */ = {
			isa = PBXGroup;
			children = (
				0830F3932A116E8200B061A3 /* customAnnotations.swift */,
				08B0BDC32A1EB3E200E3D675 /* personalDetailsViewController.swift */,
				081918292A37A150001D5C84 /* authenticationFailedViewController.swift */,
			);
			path = "Helper Classes";
			sourceTree = "<group>";
		};
		08DBAB2329EDE50C0044981E /* Frameworks */ = {
			isa = PBXGroup;
			children = (
				08AC0BF92AC8A55000F2E253 /* MusicKit.framework */,
				08DBAB2429EDE50C0044981E /* WidgetKit.framework */,
				08DBAB2629EDE50C0044981E /* SwiftUI.framework */,
				5C177AD291D1A81CEEDA8F4D /* Pods_FahrtenbuchExtension.framework */,
				8AC1D19FF7D639DD60B18A25 /* Pods_Horizonte_Fahrtenbuch.framework */,
				BFAAA6B7D6E6BFD0038A5072 /* Pods_Horizonte_Fahrtenbuch_Horizonte_FahrtenbuchUITests.framework */,
				EC2A7B7074F1443BE8CDCE66 /* Pods_Horizonte_FahrtenbuchTests.framework */,
			);
			name = Frameworks;
			sourceTree = "<group>";
		};
		08DBAB2829EDE50C0044981E /* Fahrtenbuch */ = {
			isa = PBXGroup;
			children = (
				08DBAB2929EDE50C0044981E /* FahrtenbuchBundle.swift */,
				08DBAB2B29EDE50C0044981E /* FahrtenbuchLiveActivity.swift */,
				08DBAB2D29EDE50C0044981E /* Fahrtenbuch.swift */,
				08DBAB2F29EDE50C0044981E /* Fahrtenbuch.intentdefinition */,
				08DBAB3029EDE50D0044981E /* Assets.xcassets */,
				08DBAB3229EDE50D0044981E /* Info.plist */,
			);
			path = Fahrtenbuch;
			sourceTree = "<group>";
		};
		C5D31A3C70CF61523A782BC1 /* Pods */ = {
			isa = PBXGroup;
			children = (
				BF0EC0B97D5DE7750E88D813 /* Pods-FahrtenbuchExtension.debug.xcconfig */,
				6EDFE0C522DF133C2030F7D8 /* Pods-FahrtenbuchExtension.release.xcconfig */,
				FBEB36B01A5B9F54A52F81EF /* Pods-Horizonte Fahrtenbuch.debug.xcconfig */,
				24DECB3533A8C9A7D0B84DA0 /* Pods-Horizonte Fahrtenbuch.release.xcconfig */,
				426ADBA398AA54E9D8420BCF /* Pods-Horizonte Fahrtenbuch-Horizonte FahrtenbuchUITests.debug.xcconfig */,
				CF1ABC8476EE7ADC5D9964EB /* Pods-Horizonte Fahrtenbuch-Horizonte FahrtenbuchUITests.release.xcconfig */,
				AA59741F7A6C29B6E835E840 /* Pods-Horizonte FahrtenbuchTests.debug.xcconfig */,
				1FBF772E11CADD19668D201E /* Pods-Horizonte FahrtenbuchTests.release.xcconfig */,
			);
			path = Pods;
			sourceTree = "<group>";
		};
/* End PBXGroup section */

/* Begin PBXNativeTarget section */
		080841F729C8FBF10030BB7E /* Horizonte Fahrtenbuch */ = {
			isa = PBXNativeTarget;
			buildConfigurationList = 0808422529C8FBF20030BB7E /* Build configuration list for PBXNativeTarget "Horizonte Fahrtenbuch" */;
			buildPhases = (
				A9E1BE4B7ABD9BF2A8F18A71 /* [CP] Check Pods Manifest.lock */,
				080841F429C8FBF10030BB7E /* Sources */,
				080841F529C8FBF10030BB7E /* Frameworks */,
				080841F629C8FBF10030BB7E /* Resources */,
				08DBAB3829EDE50D0044981E /* Embed Foundation Extensions */,
				1D25D592267267E37C829B5D /* [CP] Embed Pods Frameworks */,
			);
			buildRules = (
			);
			dependencies = (
				08DBAB3629EDE50D0044981E /* PBXTargetDependency */,
			);
			name = "Horizonte Fahrtenbuch";
			productName = "Horizonte Fahrtenbuch";
			productReference = 080841F829C8FBF10030BB7E /* Horizonte Fahrtenbuch.app */;
			productType = "com.apple.product-type.application";
		};
		0808421029C8FBF20030BB7E /* Horizonte FahrtenbuchTests */ = {
			isa = PBXNativeTarget;
			buildConfigurationList = 0808422829C8FBF20030BB7E /* Build configuration list for PBXNativeTarget "Horizonte FahrtenbuchTests" */;
			buildPhases = (
				3A2CE57CE6464A881A33AF97 /* [CP] Check Pods Manifest.lock */,
				0808420D29C8FBF20030BB7E /* Sources */,
				0808420E29C8FBF20030BB7E /* Frameworks */,
				0808420F29C8FBF20030BB7E /* Resources */,
			);
			buildRules = (
			);
			dependencies = (
				0808421329C8FBF20030BB7E /* PBXTargetDependency */,
			);
			name = "Horizonte FahrtenbuchTests";
			productName = "Horizonte FahrtenbuchTests";
			productReference = 0808421129C8FBF20030BB7E /* Horizonte FahrtenbuchTests.xctest */;
			productType = "com.apple.product-type.bundle.unit-test";
		};
		0808421A29C8FBF20030BB7E /* Horizonte FahrtenbuchUITests */ = {
			isa = PBXNativeTarget;
			buildConfigurationList = 0808422B29C8FBF20030BB7E /* Build configuration list for PBXNativeTarget "Horizonte FahrtenbuchUITests" */;
			buildPhases = (
				0A741094F556951697513B40 /* [CP] Check Pods Manifest.lock */,
				0808421729C8FBF20030BB7E /* Sources */,
				0808421829C8FBF20030BB7E /* Frameworks */,
				0808421929C8FBF20030BB7E /* Resources */,
				B25A7B69376FA94D78491D70 /* [CP] Embed Pods Frameworks */,
			);
			buildRules = (
			);
			dependencies = (
				0808421D29C8FBF20030BB7E /* PBXTargetDependency */,
			);
			name = "Horizonte FahrtenbuchUITests";
			productName = "Horizonte FahrtenbuchUITests";
			productReference = 0808421B29C8FBF20030BB7E /* Horizonte FahrtenbuchUITests.xctest */;
			productType = "com.apple.product-type.bundle.ui-testing";
		};
		08DBAB2129EDE50C0044981E /* FahrtenbuchExtension */ = {
			isa = PBXNativeTarget;
			buildConfigurationList = 08DBAB3B29EDE50D0044981E /* Build configuration list for PBXNativeTarget "FahrtenbuchExtension" */;
			buildPhases = (
				722BCF883D71CE0B89027AD1 /* [CP] Check Pods Manifest.lock */,
				08DBAB1E29EDE50C0044981E /* Sources */,
				08DBAB1F29EDE50C0044981E /* Frameworks */,
				08DBAB2029EDE50C0044981E /* Resources */,
			);
			buildRules = (
			);
			dependencies = (
			);
			name = FahrtenbuchExtension;
			productName = FahrtenbuchExtension;
			productReference = 08DBAB2229EDE50C0044981E /* FahrtenbuchExtension.appex */;
			productType = "com.apple.product-type.app-extension";
		};
/* End PBXNativeTarget section */

/* Begin PBXProject section */
		080841F029C8FBF10030BB7E /* Project object */ = {
			isa = PBXProject;
			attributes = {
				BuildIndependentTargetsInParallel = 1;
				LastSwiftUpdateCheck = 1430;
				LastUpgradeCheck = 1500;
				TargetAttributes = {
					080841F729C8FBF10030BB7E = {
						CreatedOnToolsVersion = 14.2;
					};
					0808421029C8FBF20030BB7E = {
						CreatedOnToolsVersion = 14.2;
						TestTargetID = 080841F729C8FBF10030BB7E;
					};
					0808421A29C8FBF20030BB7E = {
						CreatedOnToolsVersion = 14.2;
						TestTargetID = 080841F729C8FBF10030BB7E;
					};
					08DBAB2129EDE50C0044981E = {
						CreatedOnToolsVersion = 14.3;
					};
				};
			};
			buildConfigurationList = 080841F329C8FBF10030BB7E /* Build configuration list for PBXProject "Horizonte Fahrtenbuch" */;
			developmentRegion = de;
			hasScannedForEncodings = 0;
			knownRegions = (
				en,
				Base,
				de,
			);
			mainGroup = 080841EF29C8FBF10030BB7E;
			preferredProjectObjectVersion = 73;
			productRefGroup = 080841F929C8FBF10030BB7E /* Products */;
			projectDirPath = "";
			projectRoot = "";
			targets = (
				080841F729C8FBF10030BB7E /* Horizonte Fahrtenbuch */,
				0808421029C8FBF20030BB7E /* Horizonte FahrtenbuchTests */,
				0808421A29C8FBF20030BB7E /* Horizonte FahrtenbuchUITests */,
				08DBAB2129EDE50C0044981E /* FahrtenbuchExtension */,
			);
		};
/* End PBXProject section */

/* Begin PBXResourcesBuildPhase section */
		080841F629C8FBF10030BB7E /* Resources */ = {
			isa = PBXResourcesBuildPhase;
			buildActionMask = 2147483647;
			files = (
				0808420B29C8FBF20030BB7E /* LaunchScreen.storyboard in Resources */,
				0808420829C8FBF20030BB7E /* Assets.xcassets in Resources */,
				0808420329C8FBF10030BB7E /* Main.storyboard in Resources */,
			);
			runOnlyForDeploymentPostprocessing = 0;
		};
		0808420F29C8FBF20030BB7E /* Resources */ = {
			isa = PBXResourcesBuildPhase;
			buildActionMask = 2147483647;
			files = (
			);
			runOnlyForDeploymentPostprocessing = 0;
		};
		0808421929C8FBF20030BB7E /* Resources */ = {
			isa = PBXResourcesBuildPhase;
			buildActionMask = 2147483647;
			files = (
			);
			runOnlyForDeploymentPostprocessing = 0;
		};
		08DBAB2029EDE50C0044981E /* Resources */ = {
			isa = PBXResourcesBuildPhase;
			buildActionMask = 2147483647;
			files = (
				08DBAB3129EDE50D0044981E /* Assets.xcassets in Resources */,
			);
			runOnlyForDeploymentPostprocessing = 0;
		};
/* End PBXResourcesBuildPhase section */

/* Begin PBXShellScriptBuildPhase section */
		0A741094F556951697513B40 /* [CP] Check Pods Manifest.lock */ = {
			isa = PBXShellScriptBuildPhase;
			buildActionMask = 2147483647;
			files = (
			);
			inputFileListPaths = (
			);
			inputPaths = (
				"${PODS_PODFILE_DIR_PATH}/Podfile.lock",
				"${PODS_ROOT}/Manifest.lock",
			);
			name = "[CP] Check Pods Manifest.lock";
			outputFileListPaths = (
			);
			outputPaths = (
				"$(DERIVED_FILE_DIR)/Pods-Horizonte Fahrtenbuch-Horizonte FahrtenbuchUITests-checkManifestLockResult.txt",
			);
			runOnlyForDeploymentPostprocessing = 0;
			shellPath = /bin/sh;
			shellScript = "diff \"${PODS_PODFILE_DIR_PATH}/Podfile.lock\" \"${PODS_ROOT}/Manifest.lock\" > /dev/null\nif [ $? != 0 ] ; then\n    # print error to STDERR\n    echo \"error: The sandbox is not in sync with the Podfile.lock. Run 'pod install' or update your CocoaPods installation.\" >&2\n    exit 1\nfi\n# This output is used by Xcode 'outputs' to avoid re-running this script phase.\necho \"SUCCESS\" > \"${SCRIPT_OUTPUT_FILE_0}\"\n";
			showEnvVarsInLog = 0;
		};
		1D25D592267267E37C829B5D /* [CP] Embed Pods Frameworks */ = {
			isa = PBXShellScriptBuildPhase;
			buildActionMask = 2147483647;
			files = (
			);
			inputFileListPaths = (
				"${PODS_ROOT}/Target Support Files/Pods-Horizonte Fahrtenbuch/Pods-Horizonte Fahrtenbuch-frameworks-${CONFIGURATION}-input-files.xcfilelist",
			);
			name = "[CP] Embed Pods Frameworks";
			outputFileListPaths = (
				"${PODS_ROOT}/Target Support Files/Pods-Horizonte Fahrtenbuch/Pods-Horizonte Fahrtenbuch-frameworks-${CONFIGURATION}-output-files.xcfilelist",
			);
			runOnlyForDeploymentPostprocessing = 0;
			shellPath = /bin/sh;
			shellScript = "\"${PODS_ROOT}/Target Support Files/Pods-Horizonte Fahrtenbuch/Pods-Horizonte Fahrtenbuch-frameworks.sh\"\n";
			showEnvVarsInLog = 0;
		};
		3A2CE57CE6464A881A33AF97 /* [CP] Check Pods Manifest.lock */ = {
			isa = PBXShellScriptBuildPhase;
			buildActionMask = 2147483647;
			files = (
			);
			inputFileListPaths = (
			);
			inputPaths = (
				"${PODS_PODFILE_DIR_PATH}/Podfile.lock",
				"${PODS_ROOT}/Manifest.lock",
			);
			name = "[CP] Check Pods Manifest.lock";
			outputFileListPaths = (
			);
			outputPaths = (
				"$(DERIVED_FILE_DIR)/Pods-Horizonte FahrtenbuchTests-checkManifestLockResult.txt",
			);
			runOnlyForDeploymentPostprocessing = 0;
			shellPath = /bin/sh;
			shellScript = "diff \"${PODS_PODFILE_DIR_PATH}/Podfile.lock\" \"${PODS_ROOT}/Manifest.lock\" > /dev/null\nif [ $? != 0 ] ; then\n    # print error to STDERR\n    echo \"error: The sandbox is not in sync with the Podfile.lock. Run 'pod install' or update your CocoaPods installation.\" >&2\n    exit 1\nfi\n# This output is used by Xcode 'outputs' to avoid re-running this script phase.\necho \"SUCCESS\" > \"${SCRIPT_OUTPUT_FILE_0}\"\n";
			showEnvVarsInLog = 0;
		};
		722BCF883D71CE0B89027AD1 /* [CP] Check Pods Manifest.lock */ = {
			isa = PBXShellScriptBuildPhase;
			buildActionMask = 2147483647;
			files = (
			);
			inputFileListPaths = (
			);
			inputPaths = (
				"${PODS_PODFILE_DIR_PATH}/Podfile.lock",
				"${PODS_ROOT}/Manifest.lock",
			);
			name = "[CP] Check Pods Manifest.lock";
			outputFileListPaths = (
			);
			outputPaths = (
				"$(DERIVED_FILE_DIR)/Pods-FahrtenbuchExtension-checkManifestLockResult.txt",
			);
			runOnlyForDeploymentPostprocessing = 0;
			shellPath = /bin/sh;
			shellScript = "diff \"${PODS_PODFILE_DIR_PATH}/Podfile.lock\" \"${PODS_ROOT}/Manifest.lock\" > /dev/null\nif [ $? != 0 ] ; then\n    # print error to STDERR\n    echo \"error: The sandbox is not in sync with the Podfile.lock. Run 'pod install' or update your CocoaPods installation.\" >&2\n    exit 1\nfi\n# This output is used by Xcode 'outputs' to avoid re-running this script phase.\necho \"SUCCESS\" > \"${SCRIPT_OUTPUT_FILE_0}\"\n";
			showEnvVarsInLog = 0;
		};
		A9E1BE4B7ABD9BF2A8F18A71 /* [CP] Check Pods Manifest.lock */ = {
			isa = PBXShellScriptBuildPhase;
			buildActionMask = 2147483647;
			files = (
			);
			inputFileListPaths = (
			);
			inputPaths = (
				"${PODS_PODFILE_DIR_PATH}/Podfile.lock",
				"${PODS_ROOT}/Manifest.lock",
			);
			name = "[CP] Check Pods Manifest.lock";
			outputFileListPaths = (
			);
			outputPaths = (
				"$(DERIVED_FILE_DIR)/Pods-Horizonte Fahrtenbuch-checkManifestLockResult.txt",
			);
			runOnlyForDeploymentPostprocessing = 0;
			shellPath = /bin/sh;
			shellScript = "diff \"${PODS_PODFILE_DIR_PATH}/Podfile.lock\" \"${PODS_ROOT}/Manifest.lock\" > /dev/null\nif [ $? != 0 ] ; then\n    # print error to STDERR\n    echo \"error: The sandbox is not in sync with the Podfile.lock. Run 'pod install' or update your CocoaPods installation.\" >&2\n    exit 1\nfi\n# This output is used by Xcode 'outputs' to avoid re-running this script phase.\necho \"SUCCESS\" > \"${SCRIPT_OUTPUT_FILE_0}\"\n";
			showEnvVarsInLog = 0;
		};
		B25A7B69376FA94D78491D70 /* [CP] Embed Pods Frameworks */ = {
			isa = PBXShellScriptBuildPhase;
			buildActionMask = 2147483647;
			files = (
			);
			inputFileListPaths = (
				"${PODS_ROOT}/Target Support Files/Pods-Horizonte Fahrtenbuch-Horizonte FahrtenbuchUITests/Pods-Horizonte Fahrtenbuch-Horizonte FahrtenbuchUITests-frameworks-${CONFIGURATION}-input-files.xcfilelist",
			);
			name = "[CP] Embed Pods Frameworks";
			outputFileListPaths = (
				"${PODS_ROOT}/Target Support Files/Pods-Horizonte Fahrtenbuch-Horizonte FahrtenbuchUITests/Pods-Horizonte Fahrtenbuch-Horizonte FahrtenbuchUITests-frameworks-${CONFIGURATION}-output-files.xcfilelist",
			);
			runOnlyForDeploymentPostprocessing = 0;
			shellPath = /bin/sh;
			shellScript = "\"${PODS_ROOT}/Target Support Files/Pods-Horizonte Fahrtenbuch-Horizonte FahrtenbuchUITests/Pods-Horizonte Fahrtenbuch-Horizonte FahrtenbuchUITests-frameworks.sh\"\n";
			showEnvVarsInLog = 0;
		};
/* End PBXShellScriptBuildPhase section */

/* Begin PBXSourcesBuildPhase section */
		080841F429C8FBF10030BB7E /* Sources */ = {
			isa = PBXSourcesBuildPhase;
			buildActionMask = 2147483647;
			files = (
				08B0BDC62A1EB4F700E3D675 /* personalDetails.swift in Sources */,
				08B1A23C2A201898004291A8 /* archivedRidesTableViewController.swift in Sources */,
				08DCB78829FD3D5700446CD0 /* clientsTableViewCell.swift in Sources */,
				087F308029CD07C0009E52FC /* MainMapViewViewController.swift in Sources */,
				0808420029C8FBF10030BB7E /* ViewController.swift in Sources */,
				085DAE9D2A1909AC0028450A /* pastMonthRides.swift in Sources */,
				0808420629C8FBF10030BB7E /* Horizonte_Fahrtenbuch.xcdatamodeld in Sources */,
				085DAE9B2A1901FD0028450A /* pastMonthRidesCell.swift in Sources */,
				08DBAB3429EDE50D0044981E /* Fahrtenbuch.intentdefinition in Sources */,
				0819182A2A37A150001D5C84 /* authenticationFailedViewController.swift in Sources */,
				08CDD3D82A1406EF00D44868 /* routeDetailViewController.swift in Sources */,
				080841FC29C8FBF10030BB7E /* AppDelegate.swift in Sources */,
				08B0BDC42A1EB3E200E3D675 /* personalDetailsViewController.swift in Sources */,
				080DEDF029F33A1800E51F8D /* currentRide.swift in Sources */,
				0863585A29F30C4100FA36D1 /* addContactViewController.swift in Sources */,
				087319552A1FF593008B3704 /* archivedRides.swift in Sources */,
				087319512A1FEF8E008B3704 /* archivedRidesTableViewCell.swift in Sources */,
				082C98D329F6E9FC00296204 /* pastRidesTableViewController.swift in Sources */,
				087696C429F9C8D700246942 /* pastRidesTableViewCell.swift in Sources */,
				08C9BFBA29F5CB040005DDA4 /* contactsTableViewController.swift in Sources */,
				0830F3942A116E8200B061A3 /* customAnnotations.swift in Sources */,
				08A9CC4629F3217A00D3D3A6 /* clients.swift in Sources */,
				08988D522A05165500425F0A /* addRideViewController.swift in Sources */,
				085DAE992A18FAE60028450A /* statsViewController.swift in Sources */,
				080841FE29C8FBF10030BB7E /* SceneDelegate.swift in Sources */,
				084F85E32A0EC61900D1045D /* clientDetailViewController.swift in Sources */,
			);
			runOnlyForDeploymentPostprocessing = 0;
		};
		0808420D29C8FBF20030BB7E /* Sources */ = {
			isa = PBXSourcesBuildPhase;
			buildActionMask = 2147483647;
			files = (
			);
			runOnlyForDeploymentPostprocessing = 0;
		};
		0808421729C8FBF20030BB7E /* Sources */ = {
			isa = PBXSourcesBuildPhase;
			buildActionMask = 2147483647;
			files = (
				0808422229C8FBF20030BB7E /* Horizonte_FahrtenbuchUITestsLaunchTests.swift in Sources */,
				0809EB5829CD0A2500401FF3 /* Horizonte_FahrtenbuchTests.swift in Sources */,
				0808422029C8FBF20030BB7E /* Horizonte_FahrtenbuchUITests.swift in Sources */,
			);
			runOnlyForDeploymentPostprocessing = 0;
		};
		08DBAB1E29EDE50C0044981E /* Sources */ = {
			isa = PBXSourcesBuildPhase;
			buildActionMask = 2147483647;
			files = (
				08DBAB2A29EDE50C0044981E /* FahrtenbuchBundle.swift in Sources */,
				08DBAB3329EDE50D0044981E /* Fahrtenbuch.intentdefinition in Sources */,
				08F11B842A255D1B00B0C815 /* FahrtenbuchLiveActivity.swift in Sources */,
			);
			runOnlyForDeploymentPostprocessing = 0;
		};
/* End PBXSourcesBuildPhase section */

/* Begin PBXTargetDependency section */
		0808421329C8FBF20030BB7E /* PBXTargetDependency */ = {
			isa = PBXTargetDependency;
			target = 080841F729C8FBF10030BB7E /* Horizonte Fahrtenbuch */;
			targetProxy = 0808421229C8FBF20030BB7E /* PBXContainerItemProxy */;
		};
		0808421D29C8FBF20030BB7E /* PBXTargetDependency */ = {
			isa = PBXTargetDependency;
			target = 080841F729C8FBF10030BB7E /* Horizonte Fahrtenbuch */;
			targetProxy = 0808421C29C8FBF20030BB7E /* PBXContainerItemProxy */;
		};
		08DBAB3629EDE50D0044981E /* PBXTargetDependency */ = {
			isa = PBXTargetDependency;
			target = 08DBAB2129EDE50C0044981E /* FahrtenbuchExtension */;
			targetProxy = 08DBAB3529EDE50D0044981E /* PBXContainerItemProxy */;
		};
/* End PBXTargetDependency section */

/* Begin PBXVariantGroup section */
		0808420129C8FBF10030BB7E /* Main.storyboard */ = {
			isa = PBXVariantGroup;
			children = (
				0808420229C8FBF10030BB7E /* Base */,
				082C98D029F6E4BA00296204 /* de */,
			);
			name = Main.storyboard;
			sourceTree = "<group>";
		};
		0808420929C8FBF20030BB7E /* LaunchScreen.storyboard */ = {
			isa = PBXVariantGroup;
			children = (
				0808420A29C8FBF20030BB7E /* Base */,
				082C98D129F6E4BA00296204 /* de */,
			);
			name = LaunchScreen.storyboard;
			sourceTree = "<group>";
		};
/* End PBXVariantGroup section */

/* Begin XCBuildConfiguration section */
		0808422329C8FBF20030BB7E /* Debug */ = {
			isa = XCBuildConfiguration;
			buildSettings = {
				ALWAYS_SEARCH_USER_PATHS = NO;
				CLANG_ANALYZER_LOCALIZABILITY_NONLOCALIZED = YES;
				CLANG_ANALYZER_NONNULL = YES;
				CLANG_ANALYZER_NUMBER_OBJECT_CONVERSION = YES_AGGRESSIVE;
				CLANG_CXX_LANGUAGE_STANDARD = "gnu++20";
				CLANG_ENABLE_MODULES = YES;
				CLANG_ENABLE_OBJC_ARC = YES;
				CLANG_ENABLE_OBJC_WEAK = YES;
				CLANG_WARN_BLOCK_CAPTURE_AUTORELEASING = YES;
				CLANG_WARN_BOOL_CONVERSION = YES;
				CLANG_WARN_COMMA = YES;
				CLANG_WARN_CONSTANT_CONVERSION = YES;
				CLANG_WARN_DEPRECATED_OBJC_IMPLEMENTATIONS = YES;
				CLANG_WARN_DIRECT_OBJC_ISA_USAGE = YES_ERROR;
				CLANG_WARN_DOCUMENTATION_COMMENTS = YES;
				CLANG_WARN_EMPTY_BODY = YES;
				CLANG_WARN_ENUM_CONVERSION = YES;
				CLANG_WARN_INFINITE_RECURSION = YES;
				CLANG_WARN_INT_CONVERSION = YES;
				CLANG_WARN_NON_LITERAL_NULL_CONVERSION = YES;
				CLANG_WARN_OBJC_IMPLICIT_RETAIN_SELF = YES;
				CLANG_WARN_OBJC_LITERAL_CONVERSION = YES;
				CLANG_WARN_OBJC_ROOT_CLASS = YES_ERROR;
				CLANG_WARN_QUOTED_INCLUDE_IN_FRAMEWORK_HEADER = YES;
				CLANG_WARN_RANGE_LOOP_ANALYSIS = YES;
				CLANG_WARN_STRICT_PROTOTYPES = YES;
				CLANG_WARN_SUSPICIOUS_MOVE = YES;
				CLANG_WARN_UNGUARDED_AVAILABILITY = YES_AGGRESSIVE;
				CLANG_WARN_UNREACHABLE_CODE = YES;
				CLANG_WARN__DUPLICATE_METHOD_MATCH = YES;
				COPY_PHASE_STRIP = NO;
				DEBUG_INFORMATION_FORMAT = dwarf;
				ENABLE_STRICT_OBJC_MSGSEND = YES;
				ENABLE_TESTABILITY = YES;
				GCC_C_LANGUAGE_STANDARD = gnu11;
				GCC_DYNAMIC_NO_PIC = NO;
				GCC_NO_COMMON_BLOCKS = YES;
				GCC_OPTIMIZATION_LEVEL = 0;
				GCC_PREPROCESSOR_DEFINITIONS = (
					"DEBUG=1",
					"$(inherited)",
				);
				GCC_WARN_64_TO_32_BIT_CONVERSION = YES;
				GCC_WARN_ABOUT_RETURN_TYPE = YES_ERROR;
				GCC_WARN_UNDECLARED_SELECTOR = YES;
				GCC_WARN_UNINITIALIZED_AUTOS = YES_AGGRESSIVE;
				GCC_WARN_UNUSED_FUNCTION = YES;
				GCC_WARN_UNUSED_VARIABLE = YES;
				IBSC_WARNINGS = NO;
				IPHONEOS_DEPLOYMENT_TARGET = 18.0;
				MTL_ENABLE_DEBUG_INFO = INCLUDE_SOURCE;
				MTL_FAST_MATH = YES;
				ONLY_ACTIVE_ARCH = YES;
				SDKROOT = iphoneos;
				SWIFT_ACTIVE_COMPILATION_CONDITIONS = DEBUG;
				SWIFT_OPTIMIZATION_LEVEL = "-Onone";
			};
			name = Debug;
		};
		0808422429C8FBF20030BB7E /* Release */ = {
			isa = XCBuildConfiguration;
			buildSettings = {
				ALWAYS_SEARCH_USER_PATHS = NO;
				CLANG_ANALYZER_LOCALIZABILITY_NONLOCALIZED = YES;
				CLANG_ANALYZER_NONNULL = YES;
				CLANG_ANALYZER_NUMBER_OBJECT_CONVERSION = YES_AGGRESSIVE;
				CLANG_CXX_LANGUAGE_STANDARD = "gnu++20";
				CLANG_ENABLE_MODULES = YES;
				CLANG_ENABLE_OBJC_ARC = YES;
				CLANG_ENABLE_OBJC_WEAK = YES;
				CLANG_WARN_BLOCK_CAPTURE_AUTORELEASING = YES;
				CLANG_WARN_BOOL_CONVERSION = YES;
				CLANG_WARN_COMMA = YES;
				CLANG_WARN_CONSTANT_CONVERSION = YES;
				CLANG_WARN_DEPRECATED_OBJC_IMPLEMENTATIONS = YES;
				CLANG_WARN_DIRECT_OBJC_ISA_USAGE = YES_ERROR;
				CLANG_WARN_DOCUMENTATION_COMMENTS = YES;
				CLANG_WARN_EMPTY_BODY = YES;
				CLANG_WARN_ENUM_CONVERSION = YES;
				CLANG_WARN_INFINITE_RECURSION = YES;
				CLANG_WARN_INT_CONVERSION = YES;
				CLANG_WARN_NON_LITERAL_NULL_CONVERSION = YES;
				CLANG_WARN_OBJC_IMPLICIT_RETAIN_SELF = YES;
				CLANG_WARN_OBJC_LITERAL_CONVERSION = YES;
				CLANG_WARN_OBJC_ROOT_CLASS = YES_ERROR;
				CLANG_WARN_QUOTED_INCLUDE_IN_FRAMEWORK_HEADER = YES;
				CLANG_WARN_RANGE_LOOP_ANALYSIS = YES;
				CLANG_WARN_STRICT_PROTOTYPES = YES;
				CLANG_WARN_SUSPICIOUS_MOVE = YES;
				CLANG_WARN_UNGUARDED_AVAILABILITY = YES_AGGRESSIVE;
				CLANG_WARN_UNREACHABLE_CODE = YES;
				CLANG_WARN__DUPLICATE_METHOD_MATCH = YES;
				COPY_PHASE_STRIP = NO;
				DEBUG_INFORMATION_FORMAT = "dwarf-with-dsym";
				ENABLE_NS_ASSERTIONS = NO;
				ENABLE_STRICT_OBJC_MSGSEND = YES;
				GCC_C_LANGUAGE_STANDARD = gnu11;
				GCC_NO_COMMON_BLOCKS = YES;
				GCC_WARN_64_TO_32_BIT_CONVERSION = YES;
				GCC_WARN_ABOUT_RETURN_TYPE = YES_ERROR;
				GCC_WARN_UNDECLARED_SELECTOR = YES;
				GCC_WARN_UNINITIALIZED_AUTOS = YES_AGGRESSIVE;
				GCC_WARN_UNUSED_FUNCTION = YES;
				GCC_WARN_UNUSED_VARIABLE = YES;
				IBSC_WARNINGS = NO;
				IPHONEOS_DEPLOYMENT_TARGET = 18.0;
				MTL_ENABLE_DEBUG_INFO = NO;
				MTL_FAST_MATH = YES;
				SDKROOT = iphoneos;
				SWIFT_COMPILATION_MODE = wholemodule;
				SWIFT_OPTIMIZATION_LEVEL = "-O";
				VALIDATE_PRODUCT = YES;
			};
			name = Release;
		};
		0808422629C8FBF20030BB7E /* Debug */ = {
			isa = XCBuildConfiguration;
			baseConfigurationReference = FBEB36B01A5B9F54A52F81EF /* Pods-Horizonte Fahrtenbuch.debug.xcconfig */;
			buildSettings = {
				ALWAYS_EMBED_SWIFT_STANDARD_LIBRARIES = YES;
				ASSETCATALOG_COMPILER_APPICON_NAME = AppIcon;
				ASSETCATALOG_COMPILER_GLOBAL_ACCENT_COLOR_NAME = AccentColor;
				CODE_SIGN_ENTITLEMENTS = "Horizonte Fahrtenbuch/Horizonte Fahrtenbuch.entitlements";
				CODE_SIGN_IDENTITY = "Apple Development";
				CODE_SIGN_STYLE = Automatic;
				CURRENT_PROJECT_VERSION = 32;
				DEVELOPMENT_TEAM = 2DK4UX7R4C;
				GENERATE_INFOPLIST_FILE = YES;
				INFOPLIST_FILE = "Horizonte Fahrtenbuch/Info.plist";
				INFOPLIST_KEY_CFBundleDisplayName = Fahrtenbuch;
				INFOPLIST_KEY_LSApplicationCategoryType = "public.app-category.utilities";
				INFOPLIST_KEY_LSSupportsOpeningDocumentsInPlace = YES;
				INFOPLIST_KEY_NSFaceIDUsageDescription = "Möchtest du die App zukunftig mit FaceID oder TouchID schützen?";
				INFOPLIST_KEY_NSLocationAlwaysAndWhenInUseUsageDescription = "Falls \"Immer\" gewählt wird, nutzt die App GPS auch dann wenn sie im Hintergrund ist.";
				INFOPLIST_KEY_NSLocationUsageDescription = "";
				INFOPLIST_KEY_NSLocationWhenInUseUsageDescription = "Wir benötigen die GPS Daten um die Fahrten aufzeichnen zu können.";
				INFOPLIST_KEY_UIApplicationSupportsIndirectInputEvents = YES;
				INFOPLIST_KEY_UILaunchStoryboardName = LaunchScreen;
				INFOPLIST_KEY_UIMainStoryboardFile = Main;
				INFOPLIST_KEY_UISupportedInterfaceOrientations = UIInterfaceOrientationPortrait;
				INFOPLIST_KEY_UISupportedInterfaceOrientations_iPad = "UIInterfaceOrientationLandscapeLeft UIInterfaceOrientationLandscapeRight UIInterfaceOrientationPortrait UIInterfaceOrientationPortraitUpsideDown";
				IPHONEOS_DEPLOYMENT_TARGET = 18.0;
				LD_RUNPATH_SEARCH_PATHS = (
					"$(inherited)",
					"@executable_path/Frameworks",
				);
				MARKETING_VERSION = "4.2.0 beta 3";
				PRODUCT_BUNDLE_IDENTIFIER = "com.horizonte.ch.Horizonte-Fahrtenbuch";
				PRODUCT_NAME = "$(TARGET_NAME)";
				PROVISIONING_PROFILE_SPECIFIER = "";
				SUPPORTED_PLATFORMS = "iphoneos iphonesimulator";
				SUPPORTS_MACCATALYST = NO;
				SUPPORTS_MAC_DESIGNED_FOR_IPHONE_IPAD = NO;
				SUPPORTS_XR_DESIGNED_FOR_IPHONE_IPAD = NO;
				SWIFT_EMIT_LOC_STRINGS = YES;
				SWIFT_VERSION = 5.0;
				TARGETED_DEVICE_FAMILY = 1;
			};
			name = Debug;
		};
		0808422729C8FBF20030BB7E /* Release */ = {
			isa = XCBuildConfiguration;
			baseConfigurationReference = 24DECB3533A8C9A7D0B84DA0 /* Pods-Horizonte Fahrtenbuch.release.xcconfig */;
			buildSettings = {
				ALWAYS_EMBED_SWIFT_STANDARD_LIBRARIES = YES;
				ASSETCATALOG_COMPILER_APPICON_NAME = AppIcon;
				ASSETCATALOG_COMPILER_GLOBAL_ACCENT_COLOR_NAME = AccentColor;
				CODE_SIGN_ENTITLEMENTS = "Horizonte Fahrtenbuch/Horizonte Fahrtenbuch.entitlements";
				CODE_SIGN_IDENTITY = "Apple Development";
				CODE_SIGN_STYLE = Automatic;
				CURRENT_PROJECT_VERSION = 32;
				DEVELOPMENT_TEAM = 2DK4UX7R4C;
				GENERATE_INFOPLIST_FILE = YES;
				INFOPLIST_FILE = "Horizonte Fahrtenbuch/Info.plist";
				INFOPLIST_KEY_CFBundleDisplayName = Fahrtenbuch;
				INFOPLIST_KEY_LSApplicationCategoryType = "public.app-category.utilities";
				INFOPLIST_KEY_LSSupportsOpeningDocumentsInPlace = YES;
				INFOPLIST_KEY_NSFaceIDUsageDescription = "Möchtest du die App zukunftig mit FaceID oder TouchID schützen?";
				INFOPLIST_KEY_NSLocationAlwaysAndWhenInUseUsageDescription = "Falls \"Immer\" gewählt wird, nutzt die App GPS auch dann wenn sie im Hintergrund ist.";
				INFOPLIST_KEY_NSLocationUsageDescription = "";
				INFOPLIST_KEY_NSLocationWhenInUseUsageDescription = "Wir benötigen die GPS Daten um die Fahrten aufzeichnen zu können.";
				INFOPLIST_KEY_UIApplicationSupportsIndirectInputEvents = YES;
				INFOPLIST_KEY_UILaunchStoryboardName = LaunchScreen;
				INFOPLIST_KEY_UIMainStoryboardFile = Main;
				INFOPLIST_KEY_UISupportedInterfaceOrientations = UIInterfaceOrientationPortrait;
				INFOPLIST_KEY_UISupportedInterfaceOrientations_iPad = "UIInterfaceOrientationLandscapeLeft UIInterfaceOrientationLandscapeRight UIInterfaceOrientationPortrait UIInterfaceOrientationPortraitUpsideDown";
				IPHONEOS_DEPLOYMENT_TARGET = 18.0;
				LD_RUNPATH_SEARCH_PATHS = (
					"$(inherited)",
					"@executable_path/Frameworks",
				);
				MARKETING_VERSION = "4.2.0 beta 3";
				PRODUCT_BUNDLE_IDENTIFIER = "com.horizonte.ch.Horizonte-Fahrtenbuch";
				PRODUCT_NAME = "$(TARGET_NAME)";
				PROVISIONING_PROFILE_SPECIFIER = "";
				SUPPORTED_PLATFORMS = "iphoneos iphonesimulator";
				SUPPORTS_MACCATALYST = NO;
				SUPPORTS_MAC_DESIGNED_FOR_IPHONE_IPAD = NO;
				SUPPORTS_XR_DESIGNED_FOR_IPHONE_IPAD = NO;
				SWIFT_EMIT_LOC_STRINGS = YES;
				SWIFT_VERSION = 5.0;
				TARGETED_DEVICE_FAMILY = 1;
			};
			name = Release;
		};
		0808422929C8FBF20030BB7E /* Debug */ = {
			isa = XCBuildConfiguration;
			baseConfigurationReference = AA59741F7A6C29B6E835E840 /* Pods-Horizonte FahrtenbuchTests.debug.xcconfig */;
			buildSettings = {
				ALWAYS_EMBED_SWIFT_STANDARD_LIBRARIES = YES;
				BUNDLE_LOADER = "$(TEST_HOST)";
				CODE_SIGN_STYLE = Automatic;
				CURRENT_PROJECT_VERSION = 1;
				DEVELOPMENT_TEAM = 2DK4UX7R4C;
				GENERATE_INFOPLIST_FILE = YES;
				IPHONEOS_DEPLOYMENT_TARGET = 18.0;
				MARKETING_VERSION = 1.0;
				PRODUCT_BUNDLE_IDENTIFIER = "com.horizonte.ch.Horizonte-FahrtenbuchTests";
				PRODUCT_NAME = "$(TARGET_NAME)";
				SWIFT_EMIT_LOC_STRINGS = NO;
				SWIFT_VERSION = 5.0;
				TARGETED_DEVICE_FAMILY = "1,2";
				TEST_HOST = "$(BUILT_PRODUCTS_DIR)/Horizonte Fahrtenbuch.app/$(BUNDLE_EXECUTABLE_FOLDER_PATH)/Horizonte Fahrtenbuch";
			};
			name = Debug;
		};
		0808422A29C8FBF20030BB7E /* Release */ = {
			isa = XCBuildConfiguration;
			baseConfigurationReference = 1FBF772E11CADD19668D201E /* Pods-Horizonte FahrtenbuchTests.release.xcconfig */;
			buildSettings = {
				ALWAYS_EMBED_SWIFT_STANDARD_LIBRARIES = YES;
				BUNDLE_LOADER = "$(TEST_HOST)";
				CODE_SIGN_STYLE = Automatic;
				CURRENT_PROJECT_VERSION = 1;
				DEVELOPMENT_TEAM = 2DK4UX7R4C;
				GENERATE_INFOPLIST_FILE = YES;
				IPHONEOS_DEPLOYMENT_TARGET = 18.0;
				MARKETING_VERSION = 1.0;
				PRODUCT_BUNDLE_IDENTIFIER = "com.horizonte.ch.Horizonte-FahrtenbuchTests";
				PRODUCT_NAME = "$(TARGET_NAME)";
				SWIFT_EMIT_LOC_STRINGS = NO;
				SWIFT_VERSION = 5.0;
				TARGETED_DEVICE_FAMILY = "1,2";
				TEST_HOST = "$(BUILT_PRODUCTS_DIR)/Horizonte Fahrtenbuch.app/$(BUNDLE_EXECUTABLE_FOLDER_PATH)/Horizonte Fahrtenbuch";
			};
			name = Release;
		};
		0808422C29C8FBF20030BB7E /* Debug */ = {
			isa = XCBuildConfiguration;
			baseConfigurationReference = 426ADBA398AA54E9D8420BCF /* Pods-Horizonte Fahrtenbuch-Horizonte FahrtenbuchUITests.debug.xcconfig */;
			buildSettings = {
				ALWAYS_EMBED_SWIFT_STANDARD_LIBRARIES = YES;
				CODE_SIGN_IDENTITY = "Apple Development";
				CODE_SIGN_STYLE = Automatic;
				CURRENT_PROJECT_VERSION = 1;
				DEVELOPMENT_TEAM = 2DK4UX7R4C;
				GENERATE_INFOPLIST_FILE = YES;
				MARKETING_VERSION = 1.0;
				PRODUCT_BUNDLE_IDENTIFIER = "com.horizonte.ch.Horizonte-FahrtenbuchUITests";
				PRODUCT_NAME = "$(TARGET_NAME)";
				PROVISIONING_PROFILE_SPECIFIER = "";
				SWIFT_EMIT_LOC_STRINGS = NO;
				SWIFT_VERSION = 5.0;
				TARGETED_DEVICE_FAMILY = "1,2";
				TEST_TARGET_NAME = "Horizonte Fahrtenbuch";
			};
			name = Debug;
		};
		0808422D29C8FBF20030BB7E /* Release */ = {
			isa = XCBuildConfiguration;
			baseConfigurationReference = CF1ABC8476EE7ADC5D9964EB /* Pods-Horizonte Fahrtenbuch-Horizonte FahrtenbuchUITests.release.xcconfig */;
			buildSettings = {
				ALWAYS_EMBED_SWIFT_STANDARD_LIBRARIES = YES;
				CODE_SIGN_IDENTITY = "Apple Development";
				CODE_SIGN_STYLE = Automatic;
				CURRENT_PROJECT_VERSION = 1;
				DEVELOPMENT_TEAM = 2DK4UX7R4C;
				GENERATE_INFOPLIST_FILE = YES;
				MARKETING_VERSION = 1.0;
				PRODUCT_BUNDLE_IDENTIFIER = "com.horizonte.ch.Horizonte-FahrtenbuchUITests";
				PRODUCT_NAME = "$(TARGET_NAME)";
				PROVISIONING_PROFILE_SPECIFIER = "";
				SWIFT_EMIT_LOC_STRINGS = NO;
				SWIFT_VERSION = 5.0;
				TARGETED_DEVICE_FAMILY = "1,2";
				TEST_TARGET_NAME = "Horizonte Fahrtenbuch";
			};
			name = Release;
		};
		08DBAB3929EDE50D0044981E /* Debug */ = {
			isa = XCBuildConfiguration;
			baseConfigurationReference = BF0EC0B97D5DE7750E88D813 /* Pods-FahrtenbuchExtension.debug.xcconfig */;
			buildSettings = {
				ASSETCATALOG_COMPILER_GLOBAL_ACCENT_COLOR_NAME = AccentColor;
				ASSETCATALOG_COMPILER_WIDGET_BACKGROUND_COLOR_NAME = WidgetBackground;
				CODE_SIGN_ENTITLEMENTS = FahrtenbuchExtension.entitlements;
				CODE_SIGN_IDENTITY = "Apple Development";
				CODE_SIGN_STYLE = Automatic;
				CURRENT_PROJECT_VERSION = 32;
				DEVELOPMENT_TEAM = 2DK4UX7R4C;
				GENERATE_INFOPLIST_FILE = YES;
				INFOPLIST_FILE = Fahrtenbuch/Info.plist;
				INFOPLIST_KEY_CFBundleDisplayName = Fahrtenbuch;
				INFOPLIST_KEY_NSHumanReadableCopyright = "";
				IPHONEOS_DEPLOYMENT_TARGET = 16.4;
				LD_RUNPATH_SEARCH_PATHS = (
					"$(inherited)",
					"@executable_path/Frameworks",
					"@executable_path/../../Frameworks",
				);
				MARKETING_VERSION = "4.2.0 beta 3";
				PRODUCT_BUNDLE_IDENTIFIER = "com.horizonte.ch.Horizonte-Fahrtenbuch.Fahrtenbuch";
				PRODUCT_NAME = "$(TARGET_NAME)";
				PROVISIONING_PROFILE_SPECIFIER = "";
				SKIP_INSTALL = YES;
				SUPPORTED_PLATFORMS = "iphoneos iphonesimulator";
				SUPPORTS_MACCATALYST = NO;
				SUPPORTS_MAC_DESIGNED_FOR_IPHONE_IPAD = NO;
				SUPPORTS_XR_DESIGNED_FOR_IPHONE_IPAD = NO;
				SWIFT_EMIT_LOC_STRINGS = YES;
				SWIFT_VERSION = 5.0;
				TARGETED_DEVICE_FAMILY = 1;
			};
			name = Debug;
		};
		08DBAB3A29EDE50D0044981E /* Release */ = {
			isa = XCBuildConfiguration;
			baseConfigurationReference = 6EDFE0C522DF133C2030F7D8 /* Pods-FahrtenbuchExtension.release.xcconfig */;
			buildSettings = {
				ASSETCATALOG_COMPILER_GLOBAL_ACCENT_COLOR_NAME = AccentColor;
				ASSETCATALOG_COMPILER_WIDGET_BACKGROUND_COLOR_NAME = WidgetBackground;
				CODE_SIGN_ENTITLEMENTS = FahrtenbuchExtension.entitlements;
				CODE_SIGN_IDENTITY = "Apple Development";
				CODE_SIGN_STYLE = Automatic;
				CURRENT_PROJECT_VERSION = 32;
				DEVELOPMENT_TEAM = 2DK4UX7R4C;
				GENERATE_INFOPLIST_FILE = YES;
				INFOPLIST_FILE = Fahrtenbuch/Info.plist;
				INFOPLIST_KEY_CFBundleDisplayName = Fahrtenbuch;
				INFOPLIST_KEY_NSHumanReadableCopyright = "";
				IPHONEOS_DEPLOYMENT_TARGET = 16.4;
				LD_RUNPATH_SEARCH_PATHS = (
					"$(inherited)",
					"@executable_path/Frameworks",
					"@executable_path/../../Frameworks",
				);
				MARKETING_VERSION = "4.2.0 beta 3";
				PRODUCT_BUNDLE_IDENTIFIER = "com.horizonte.ch.Horizonte-Fahrtenbuch.Fahrtenbuch";
				PRODUCT_NAME = "$(TARGET_NAME)";
				PROVISIONING_PROFILE_SPECIFIER = "";
				SKIP_INSTALL = YES;
				SUPPORTED_PLATFORMS = "iphoneos iphonesimulator";
				SUPPORTS_MACCATALYST = NO;
				SUPPORTS_MAC_DESIGNED_FOR_IPHONE_IPAD = NO;
				SUPPORTS_XR_DESIGNED_FOR_IPHONE_IPAD = NO;
				SWIFT_EMIT_LOC_STRINGS = YES;
				SWIFT_VERSION = 5.0;
				TARGETED_DEVICE_FAMILY = 1;
			};
			name = Release;
		};
/* End XCBuildConfiguration section */

/* Begin XCConfigurationList section */
		080841F329C8FBF10030BB7E /* Build configuration list for PBXProject "Horizonte Fahrtenbuch" */ = {
			isa = XCConfigurationList;
			buildConfigurations = (
				0808422329C8FBF20030BB7E /* Debug */,
				0808422429C8FBF20030BB7E /* Release */,
			);
			defaultConfigurationIsVisible = 0;
			defaultConfigurationName = Release;
		};
		0808422529C8FBF20030BB7E /* Build configuration list for PBXNativeTarget "Horizonte Fahrtenbuch" */ = {
			isa = XCConfigurationList;
			buildConfigurations = (
				0808422629C8FBF20030BB7E /* Debug */,
				0808422729C8FBF20030BB7E /* Release */,
			);
			defaultConfigurationIsVisible = 0;
			defaultConfigurationName = Release;
		};
		0808422829C8FBF20030BB7E /* Build configuration list for PBXNativeTarget "Horizonte FahrtenbuchTests" */ = {
			isa = XCConfigurationList;
			buildConfigurations = (
				0808422929C8FBF20030BB7E /* Debug */,
				0808422A29C8FBF20030BB7E /* Release */,
			);
			defaultConfigurationIsVisible = 0;
			defaultConfigurationName = Release;
		};
		0808422B29C8FBF20030BB7E /* Build configuration list for PBXNativeTarget "Horizonte FahrtenbuchUITests" */ = {
			isa = XCConfigurationList;
			buildConfigurations = (
				0808422C29C8FBF20030BB7E /* Debug */,
				0808422D29C8FBF20030BB7E /* Release */,
			);
			defaultConfigurationIsVisible = 0;
			defaultConfigurationName = Release;
		};
		08DBAB3B29EDE50D0044981E /* Build configuration list for PBXNativeTarget "FahrtenbuchExtension" */ = {
			isa = XCConfigurationList;
			buildConfigurations = (
				08DBAB3929EDE50D0044981E /* Debug */,
				08DBAB3A29EDE50D0044981E /* Release */,
			);
			defaultConfigurationIsVisible = 0;
			defaultConfigurationName = Release;
		};
/* End XCConfigurationList section */

/* Begin XCVersionGroup section */
		0808420429C8FBF10030BB7E /* Horizonte_Fahrtenbuch.xcdatamodeld */ = {
			isa = XCVersionGroup;
			children = (
				0808420529C8FBF10030BB7E /* Horizonte_Fahrtenbuch.xcdatamodel */,
			);
			currentVersion = 0808420529C8FBF10030BB7E /* Horizonte_Fahrtenbuch.xcdatamodel */;
			path = Horizonte_Fahrtenbuch.xcdatamodeld;
			sourceTree = "<group>";
			versionGroupType = wrapper.xcdatamodel;
		};
/* End XCVersionGroup section */
	};
	rootObject = 080841F029C8FBF10030BB7E /* Project object */;
}
