// !$*UTF8*$!
{
	archiveVersion = 1;
	classes = {
	};
	objectVersion = 56;
	objects = {

/* Begin PBXBuildFile section */
		080841FC29C8FBF10030BB7E /* AppDelegate.swift in Sources */ = {isa = PBXBuildFile; fileRef = 080841FB29C8FBF10030BB7E /* AppDelegate.swift */; };
		080841FE29C8FBF10030BB7E /* SceneDelegate.swift in Sources */ = {isa = PBXBuildFile; fileRef = 080841FD29C8FBF10030BB7E /* SceneDelegate.swift */; };
		0808420029C8FBF10030BB7E /* ViewController.swift in Sources */ = {isa = PBXBuildFile; fileRef = 080841FF29C8FBF10030BB7E /* ViewController.swift */; };
		0808420329C8FBF10030BB7E /* Main.storyboard in Resources */ = {isa = PBXBuildFile; fileRef = 0808420129C8FBF10030BB7E /* Main.storyboard */; };
		0808420629C8FBF10030BB7E /* Horizonte_Fahrtenbuch.xcdatamodeld in Sources */ = {isa = PBXBuildFile; fileRef = 0808420429C8FBF10030BB7E /* Horizonte_Fahrtenbuch.xcdatamodeld */; };
		0808420829C8FBF20030BB7E /* Assets.xcassets in Resources */ = {isa = PBXBuildFile; fileRef = 0808420729C8FBF20030BB7E /* Assets.xcassets */; };
		0808420B29C8FBF20030BB7E /* LaunchScreen.storyboard in Resources */ = {isa = PBXBuildFile; fileRef = 0808420929C8FBF20030BB7E /* LaunchScreen.storyboard */; };
		0808422029C8FBF20030BB7E /* Horizonte_FahrtenbuchUITests.swift in Sources */ = {isa = PBXBuildFile; fileRef = 0808421F29C8FBF20030BB7E /* Horizonte_FahrtenbuchUITests.swift */; };
		0808422229C8FBF20030BB7E /* Horizonte_FahrtenbuchUITestsLaunchTests.swift in Sources */ = {isa = PBXBuildFile; fileRef = 0808422129C8FBF20030BB7E /* Horizonte_FahrtenbuchUITestsLaunchTests.swift */; };
		0809EB5829CD0A2500401FF3 /* Horizonte_FahrtenbuchTests.swift in Sources */ = {isa = PBXBuildFile; fileRef = 0808421529C8FBF20030BB7E /* Horizonte_FahrtenbuchTests.swift */; };
		080DEDF029F33A1800E51F8D /* currentRide.swift in Sources */ = {isa = PBXBuildFile; fileRef = 080DEDEF29F33A1800E51F8D /* currentRide.swift */; };
		082C98D329F6E9FC00296204 /* pastRidesTableViewController.swift in Sources */ = {isa = PBXBuildFile; fileRef = 082C98D229F6E9FC00296204 /* pastRidesTableViewController.swift */; };
		0830F3942A116E8200B061A3 /* customAnnotations.swift in Sources */ = {isa = PBXBuildFile; fileRef = 0830F3932A116E8200B061A3 /* customAnnotations.swift */; };
		084F85E32A0EC61900D1045D /* clientDetailViewController.swift in Sources */ = {isa = PBXBuildFile; fileRef = 084F85E22A0EC61900D1045D /* clientDetailViewController.swift */; };
		085DAE992A18FAE60028450A /* statsViewController.swift in Sources */ = {isa = PBXBuildFile; fileRef = 085DAE982A18FAE60028450A /* statsViewController.swift */; };
		085DAE9B2A1901FD0028450A /* pastMonthRidesCell.swift in Sources */ = {isa = PBXBuildFile; fileRef = 085DAE9A2A1901FD0028450A /* pastMonthRidesCell.swift */; };
		085DAE9D2A1909AC0028450A /* pastMonthRides.swift in Sources */ = {isa = PBXBuildFile; fileRef = 085DAE9C2A1909AC0028450A /* pastMonthRides.swift */; };
		0863585A29F30C4100FA36D1 /* addContactViewController.swift in Sources */ = {isa = PBXBuildFile; fileRef = 0863585929F30C4100FA36D1 /* addContactViewController.swift */; };
		08671A902CB447B2001B1860 /* clientReportViewController.swift in Sources */ = {isa = PBXBuildFile; fileRef = 08671A8F2CB447B2001B1860 /* clientReportViewController.swift */; };
		087319512A1FEF8E008B3704 /* archivedRidesTableViewCell.swift in Sources */ = {isa = PBXBuildFile; fileRef = 087319502A1FEF8E008B3704 /* archivedRidesTableViewCell.swift */; };
		087319552A1FF593008B3704 /* archivedRides.swift in Sources */ = {isa = PBXBuildFile; fileRef = 087319542A1FF593008B3704 /* archivedRides.swift */; };
		087696C429F9C8D700246942 /* pastRidesTableViewCell.swift in Sources */ = {isa = PBXBuildFile; fileRef = 087696C329F9C8D700246942 /* pastRidesTableViewCell.swift */; };
		087F308029CD07C0009E52FC /* MainMapViewViewController.swift in Sources */ = {isa = PBXBuildFile; fileRef = 087F307F29CD07C0009E52FC /* MainMapViewViewController.swift */; };
		08988D522A05165500425F0A /* addRideViewController.swift in Sources */ = {isa = PBXBuildFile; fileRef = 08988D512A05165500425F0A /* addRideViewController.swift */; };
		08A9CC4629F3217A00D3D3A6 /* clients.swift in Sources */ = {isa = PBXBuildFile; fileRef = 08A9CC4529F3217A00D3D3A6 /* clients.swift */; };
		08B0BDC42A1EB3E200E3D675 /* personalDetailsViewController.swift in Sources */ = {isa = PBXBuildFile; fileRef = 08B0BDC32A1EB3E200E3D675 /* personalDetailsViewController.swift */; };
		08B0BDC62A1EB4F700E3D675 /* personalDetails.swift in Sources */ = {isa = PBXBuildFile; fileRef = 08B0BDC52A1EB4F700E3D675 /* personalDetails.swift */; };
		08B1A23C2A201898004291A8 /* archivedRidesTableViewController.swift in Sources */ = {isa = PBXBuildFile; fileRef = 087319522A1FF195008B3704 /* archivedRidesTableViewController.swift */; };
		08C9BFBA29F5CB040005DDA4 /* contactsTableViewController.swift in Sources */ = {isa = PBXBuildFile; fileRef = 08C9BFB929F5CB040005DDA4 /* contactsTableViewController.swift */; };
		08CDD3D82A1406EF00D44868 /* routeDetailViewController.swift in Sources */ = {isa = PBXBuildFile; fileRef = 08CDD3D72A1406EF00D44868 /* routeDetailViewController.swift */; };
		08DCB78829FD3D5700446CD0 /* clientsTableViewCell.swift in Sources */ = {isa = PBXBuildFile; fileRef = 08DCB78729FD3D5700446CD0 /* clientsTableViewCell.swift */; };
		08E4F8432CBABA50009904ED /* detailStatsViewController.swift in Sources */ = {isa = PBXBuildFile; fileRef = 08E4F8422CBABA50009904ED /* detailStatsViewController.swift */; };
		12B06A42C6ADDD301C64D5B3 /* Pods_Horizonte_Fahrtenbuch_Horizonte_FahrtenbuchUITests.framework in Frameworks */ = {isa = PBXBuildFile; fileRef = 905FB7000F9663815772F4D5 /* Pods_Horizonte_Fahrtenbuch_Horizonte_FahrtenbuchUITests.framework */; };
		697F0D5ABC85CDDC47936DF4 /* Pods_Horizonte_FahrtenbuchTests.framework in Frameworks */ = {isa = PBXBuildFile; fileRef = 32625D4F8F1D735B1E277639 /* Pods_Horizonte_FahrtenbuchTests.framework */; };
		C07A98CD5FBFAC3A63D58272 /* Pods_Horizonte_Fahrtenbuch.framework in Frameworks */ = {isa = PBXBuildFile; fileRef = CA172ABB9533146C6AD3F589 /* Pods_Horizonte_Fahrtenbuch.framework */; };
/* End PBXBuildFile section */

/* Begin PBXContainerItemProxy section */
		0808421229C8FBF20030BB7E /* PBXContainerItemProxy */ = {
			isa = PBXContainerItemProxy;
			containerPortal = 080841F029C8FBF10030BB7E /* Project object */;
			proxyType = 1;
			remoteGlobalIDString = 080841F729C8FBF10030BB7E;
			remoteInfo = "Horizonte Fahrtenbuch";
		};
		0808421C29C8FBF20030BB7E /* PBXContainerItemProxy */ = {
			isa = PBXContainerItemProxy;
			containerPortal = 080841F029C8FBF10030BB7E /* Project object */;
			proxyType = 1;
			remoteGlobalIDString = 080841F729C8FBF10030BB7E;
			remoteInfo = "Horizonte Fahrtenbuch";
		};
/* End PBXContainerItemProxy section */

/* Begin PBXCopyFilesBuildPhase section */
		08DBAB3829EDE50D0044981E /* Embed Foundation Extensions */ = {
			isa = PBXCopyFilesBuildPhase;
			buildActionMask = 2147483647;
			dstPath = "";
			dstSubfolderSpec = 13;
			files = (
			);
			name = "Embed Foundation Extensions";
			runOnlyForDeploymentPostprocessing = 0;
		};
/* End PBXCopyFilesBuildPhase section */

/* Begin PBXFileReference section */
		080841F829C8FBF10030BB7E /* Horizonte Fahrtenbuch.app */ = {isa = PBXFileReference; explicitFileType = wrapper.application; includeInIndex = 0; path = "Horizonte Fahrtenbuch.app"; sourceTree = BUILT_PRODUCTS_DIR; };
		080841FB29C8FBF10030BB7E /* AppDelegate.swift */ = {isa = PBXFileReference; lastKnownFileType = sourcecode.swift; path = AppDelegate.swift; sourceTree = "<group>"; };
		080841FD29C8FBF10030BB7E /* SceneDelegate.swift */ = {isa = PBXFileReference; lastKnownFileType = sourcecode.swift; path = SceneDelegate.swift; sourceTree = "<group>"; };
		080841FF29C8FBF10030BB7E /* ViewController.swift */ = {isa = PBXFileReference; lastKnownFileType = sourcecode.swift; path = ViewController.swift; sourceTree = "<group>"; };
		0808420229C8FBF10030BB7E /* Base */ = {isa = PBXFileReference; lastKnownFileType = file.storyboard; name = Base; path = Base.lproj/Main.storyboard; sourceTree = "<group>"; };
		0808420529C8FBF10030BB7E /* Horizonte_Fahrtenbuch.xcdatamodel */ = {isa = PBXFileReference; lastKnownFileType = wrapper.xcdatamodel; path = Horizonte_Fahrtenbuch.xcdatamodel; sourceTree = "<group>"; };
		0808420729C8FBF20030BB7E /* Assets.xcassets */ = {isa = PBXFileReference; lastKnownFileType = folder.assetcatalog; path = Assets.xcassets; sourceTree = "<group>"; };
		0808420A29C8FBF20030BB7E /* Base */ = {isa = PBXFileReference; lastKnownFileType = file.storyboard; name = Base; path = Base.lproj/LaunchScreen.storyboard; sourceTree = "<group>"; };
		0808420C29C8FBF20030BB7E /* Info.plist */ = {isa = PBXFileReference; lastKnownFileType = text.plist.xml; path = Info.plist; sourceTree = "<group>"; };
		0808421129C8FBF20030BB7E /* Horizonte FahrtenbuchTests.xctest */ = {isa = PBXFileReference; explicitFileType = wrapper.cfbundle; includeInIndex = 0; path = "Horizonte FahrtenbuchTests.xctest"; sourceTree = BUILT_PRODUCTS_DIR; };
		0808421529C8FBF20030BB7E /* Horizonte_FahrtenbuchTests.swift */ = {isa = PBXFileReference; lastKnownFileType = sourcecode.swift; path = Horizonte_FahrtenbuchTests.swift; sourceTree = "<group>"; };
		0808421B29C8FBF20030BB7E /* Horizonte FahrtenbuchUITests.xctest */ = {isa = PBXFileReference; explicitFileType = wrapper.cfbundle; includeInIndex = 0; path = "Horizonte FahrtenbuchUITests.xctest"; sourceTree = BUILT_PRODUCTS_DIR; };
		0808421F29C8FBF20030BB7E /* Horizonte_FahrtenbuchUITests.swift */ = {isa = PBXFileReference; lastKnownFileType = sourcecode.swift; path = Horizonte_FahrtenbuchUITests.swift; sourceTree = "<group>"; };
		0808422129C8FBF20030BB7E /* Horizonte_FahrtenbuchUITestsLaunchTests.swift */ = {isa = PBXFileReference; lastKnownFileType = sourcecode.swift; path = Horizonte_FahrtenbuchUITestsLaunchTests.swift; sourceTree = "<group>"; };
		080DEDEF29F33A1800E51F8D /* currentRide.swift */ = {isa = PBXFileReference; lastKnownFileType = sourcecode.swift; path = currentRide.swift; sourceTree = "<group>"; };
		082C98D029F6E4BA00296204 /* de */ = {isa = PBXFileReference; lastKnownFileType = text.plist.strings; name = de; path = de.lproj/Main.strings; sourceTree = "<group>"; };
		082C98D129F6E4BA00296204 /* de */ = {isa = PBXFileReference; lastKnownFileType = text.plist.strings; name = de; path = de.lproj/LaunchScreen.strings; sourceTree = "<group>"; };
		082C98D229F6E9FC00296204 /* pastRidesTableViewController.swift */ = {isa = PBXFileReference; lastKnownFileType = sourcecode.swift; path = pastRidesTableViewController.swift; sourceTree = "<group>"; };
		0830F3932A116E8200B061A3 /* customAnnotations.swift */ = {isa = PBXFileReference; lastKnownFileType = sourcecode.swift; path = customAnnotations.swift; sourceTree = "<group>"; };
		084934DC2A2678E400EC7E42 /* FahrtenbuchExtension.entitlements */ = {isa = PBXFileReference; lastKnownFileType = text.plist.entitlements; path = FahrtenbuchExtension.entitlements; sourceTree = "<group>"; };
		084F85E22A0EC61900D1045D /* clientDetailViewController.swift */ = {isa = PBXFileReference; lastKnownFileType = sourcecode.swift; path = clientDetailViewController.swift; sourceTree = "<group>"; };
		085DAE982A18FAE60028450A /* statsViewController.swift */ = {isa = PBXFileReference; lastKnownFileType = sourcecode.swift; path = statsViewController.swift; sourceTree = "<group>"; };
		085DAE9A2A1901FD0028450A /* pastMonthRidesCell.swift */ = {isa = PBXFileReference; lastKnownFileType = sourcecode.swift; path = pastMonthRidesCell.swift; sourceTree = "<group>"; };
		085DAE9C2A1909AC0028450A /* pastMonthRides.swift */ = {isa = PBXFileReference; lastKnownFileType = sourcecode.swift; path = pastMonthRides.swift; sourceTree = "<group>"; };
		0863585929F30C4100FA36D1 /* addContactViewController.swift */ = {isa = PBXFileReference; lastKnownFileType = sourcecode.swift; path = addContactViewController.swift; sourceTree = "<group>"; };
		08671A8F2CB447B2001B1860 /* clientReportViewController.swift */ = {isa = PBXFileReference; lastKnownFileType = sourcecode.swift; path = clientReportViewController.swift; sourceTree = "<group>"; };
		087319502A1FEF8E008B3704 /* archivedRidesTableViewCell.swift */ = {isa = PBXFileReference; lastKnownFileType = sourcecode.swift; path = archivedRidesTableViewCell.swift; sourceTree = "<group>"; };
		087319522A1FF195008B3704 /* archivedRidesTableViewController.swift */ = {isa = PBXFileReference; lastKnownFileType = sourcecode.swift; path = archivedRidesTableViewController.swift; sourceTree = "<group>"; };
		087319542A1FF593008B3704 /* archivedRides.swift */ = {isa = PBXFileReference; lastKnownFileType = sourcecode.swift; path = archivedRides.swift; sourceTree = "<group>"; };
		087696C329F9C8D700246942 /* pastRidesTableViewCell.swift */ = {isa = PBXFileReference; lastKnownFileType = sourcecode.swift; path = pastRidesTableViewCell.swift; sourceTree = "<group>"; };
		087F307C29CCFC29009E52FC /* Horizonte Fahrtenbuch.entitlements */ = {isa = PBXFileReference; lastKnownFileType = text.plist.entitlements; path = "Horizonte Fahrtenbuch.entitlements"; sourceTree = "<group>"; };
		087F307F29CD07C0009E52FC /* MainMapViewViewController.swift */ = {isa = PBXFileReference; lastKnownFileType = sourcecode.swift; path = MainMapViewViewController.swift; sourceTree = "<group>"; };
		08988D512A05165500425F0A /* addRideViewController.swift */ = {isa = PBXFileReference; lastKnownFileType = sourcecode.swift; path = addRideViewController.swift; sourceTree = "<group>"; };
		08A9CC4529F3217A00D3D3A6 /* clients.swift */ = {isa = PBXFileReference; lastKnownFileType = sourcecode.swift; path = clients.swift; sourceTree = "<group>"; };
		08AC0BF92AC8A55000F2E253 /* MusicKit.framework */ = {isa = PBXFileReference; lastKnownFileType = wrapper.framework; name = MusicKit.framework; path = System/Library/Frameworks/MusicKit.framework; sourceTree = SDKROOT; };
		08B0BDC32A1EB3E200E3D675 /* personalDetailsViewController.swift */ = {isa = PBXFileReference; lastKnownFileType = sourcecode.swift; path = personalDetailsViewController.swift; sourceTree = "<group>"; };
		08B0BDC52A1EB4F700E3D675 /* personalDetails.swift */ = {isa = PBXFileReference; lastKnownFileType = sourcecode.swift; path = personalDetails.swift; sourceTree = "<group>"; };
		08C9BFB929F5CB040005DDA4 /* contactsTableViewController.swift */ = {isa = PBXFileReference; lastKnownFileType = sourcecode.swift; path = contactsTableViewController.swift; sourceTree = "<group>"; };
		08CDD3D72A1406EF00D44868 /* routeDetailViewController.swift */ = {isa = PBXFileReference; lastKnownFileType = sourcecode.swift; path = routeDetailViewController.swift; sourceTree = "<group>"; };
		08DBAB2429EDE50C0044981E /* WidgetKit.framework */ = {isa = PBXFileReference; lastKnownFileType = wrapper.framework; name = WidgetKit.framework; path = System/Library/Frameworks/WidgetKit.framework; sourceTree = SDKROOT; };
		08DBAB2629EDE50C0044981E /* SwiftUI.framework */ = {isa = PBXFileReference; lastKnownFileType = wrapper.framework; name = SwiftUI.framework; path = System/Library/Frameworks/SwiftUI.framework; sourceTree = SDKROOT; };
		08DCB78729FD3D5700446CD0 /* clientsTableViewCell.swift */ = {isa = PBXFileReference; lastKnownFileType = sourcecode.swift; path = clientsTableViewCell.swift; sourceTree = "<group>"; };
		08E4F8422CBABA50009904ED /* detailStatsViewController.swift */ = {isa = PBXFileReference; lastKnownFileType = sourcecode.swift; path = detailStatsViewController.swift; sourceTree = "<group>"; };
		18E2A00E83F74ABBFEA4819A /* Pods-Horizonte FahrtenbuchTests.release.xcconfig */ = {isa = PBXFileReference; includeInIndex = 1; lastKnownFileType = text.xcconfig; name = "Pods-Horizonte FahrtenbuchTests.release.xcconfig"; path = "Target Support Files/Pods-Horizonte FahrtenbuchTests/Pods-Horizonte FahrtenbuchTests.release.xcconfig"; sourceTree = "<group>"; };
		32625D4F8F1D735B1E277639 /* Pods_Horizonte_FahrtenbuchTests.framework */ = {isa = PBXFileReference; explicitFileType = wrapper.framework; includeInIndex = 0; path = Pods_Horizonte_FahrtenbuchTests.framework; sourceTree = BUILT_PRODUCTS_DIR; };
		3863F62F69EFEDF4381C97AD /* Pods-Horizonte Fahrtenbuch-Horizonte FahrtenbuchUITests.debug.xcconfig */ = {isa = PBXFileReference; includeInIndex = 1; lastKnownFileType = text.xcconfig; name = "Pods-Horizonte Fahrtenbuch-Horizonte FahrtenbuchUITests.debug.xcconfig"; path = "Target Support Files/Pods-Horizonte Fahrtenbuch-Horizonte FahrtenbuchUITests/Pods-Horizonte Fahrtenbuch-Horizonte FahrtenbuchUITests.debug.xcconfig"; sourceTree = "<group>"; };
		47199320956C8B1E142BC711 /* Pods-Horizonte Fahrtenbuch.release.xcconfig */ = {isa = PBXFileReference; includeInIndex = 1; lastKnownFileType = text.xcconfig; name = "Pods-Horizonte Fahrtenbuch.release.xcconfig"; path = "Target Support Files/Pods-Horizonte Fahrtenbuch/Pods-Horizonte Fahrtenbuch.release.xcconfig"; sourceTree = "<group>"; };
		4AB943269ADD33D73C61A865 /* Pods-Horizonte Fahrtenbuch.debug.xcconfig */ = {isa = PBXFileReference; includeInIndex = 1; lastKnownFileType = text.xcconfig; name = "Pods-Horizonte Fahrtenbuch.debug.xcconfig"; path = "Target Support Files/Pods-Horizonte Fahrtenbuch/Pods-Horizonte Fahrtenbuch.debug.xcconfig"; sourceTree = "<group>"; };
		62538F828AEAF2BB781E96F8 /* Pods-Horizonte FahrtenbuchTests.debug.xcconfig */ = {isa = PBXFileReference; includeInIndex = 1; lastKnownFileType = text.xcconfig; name = "Pods-Horizonte FahrtenbuchTests.debug.xcconfig"; path = "Target Support Files/Pods-Horizonte FahrtenbuchTests/Pods-Horizonte FahrtenbuchTests.debug.xcconfig"; sourceTree = "<group>"; };
		905FB7000F9663815772F4D5 /* Pods_Horizonte_Fahrtenbuch_Horizonte_FahrtenbuchUITests.framework */ = {isa = PBXFileReference; explicitFileType = wrapper.framework; includeInIndex = 0; path = Pods_Horizonte_Fahrtenbuch_Horizonte_FahrtenbuchUITests.framework; sourceTree = BUILT_PRODUCTS_DIR; };
		CA172ABB9533146C6AD3F589 /* Pods_Horizonte_Fahrtenbuch.framework */ = {isa = PBXFileReference; explicitFileType = wrapper.framework; includeInIndex = 0; path = Pods_Horizonte_Fahrtenbuch.framework; sourceTree = BUILT_PRODUCTS_DIR; };
		E7F69B8023C8B31E1FDC9957 /* Pods-Horizonte Fahrtenbuch-Horizonte FahrtenbuchUITests.release.xcconfig */ = {isa = PBXFileReference; includeInIndex = 1; lastKnownFileType = text.xcconfig; name = "Pods-Horizonte Fahrtenbuch-Horizonte FahrtenbuchUITests.release.xcconfig"; path = "Target Support Files/Pods-Horizonte Fahrtenbuch-Horizonte FahrtenbuchUITests/Pods-Horizonte Fahrtenbuch-Horizonte FahrtenbuchUITests.release.xcconfig"; sourceTree = "<group>"; };
/* End PBXFileReference section */

/* Begin PBXFrameworksBuildPhase section */
		080841F529C8FBF10030BB7E /* Frameworks */ = {
			isa = PBXFrameworksBuildPhase;
			buildActionMask = 2147483647;
			files = (
				C07A98CD5FBFAC3A63D58272 /* Pods_Horizonte_Fahrtenbuch.framework in Frameworks */,
			);
			runOnlyForDeploymentPostprocessing = 0;
		};
		0808420E29C8FBF20030BB7E /* Frameworks */ = {
			isa = PBXFrameworksBuildPhase;
			buildActionMask = 2147483647;
			files = (
				697F0D5ABC85CDDC47936DF4 /* Pods_Horizonte_FahrtenbuchTests.framework in Frameworks */,
			);
			runOnlyForDeploymentPostprocessing = 0;
		};
		0808421829C8FBF20030BB7E /* Frameworks */ = {
			isa = PBXFrameworksBuildPhase;
			buildActionMask = 2147483647;
			files = (
				12B06A42C6ADDD301C64D5B3 /* Pods_Horizonte_Fahrtenbuch_Horizonte_FahrtenbuchUITests.framework in Frameworks */,
			);
			runOnlyForDeploymentPostprocessing = 0;
		};
/* End PBXFrameworksBuildPhase section */

/* Begin PBXGroup section */
		080841EF29C8FBF10030BB7E = {
			isa = PBXGroup;
			children = (
				084934DC2A2678E400EC7E42 /* FahrtenbuchExtension.entitlements */,
				0808420429C8FBF10030BB7E /* Horizonte_Fahrtenbuch.xcdatamodeld */,
				087F307C29CCFC29009E52FC /* Horizonte Fahrtenbuch.entitlements */,
				0808420729C8FBF20030BB7E /* Assets.xcassets */,
				0808420C29C8FBF20030BB7E /* Info.plist */,
				080841FA29C8FBF10030BB7E /* Horizonte Fahrtenbuch */,
				0808421429C8FBF20030BB7E /* Horizonte FahrtenbuchTests */,
				0808421E29C8FBF20030BB7E /* Horizonte FahrtenbuchUITests */,
				08DBAB2329EDE50C0044981E /* Frameworks */,
				080841F929C8FBF10030BB7E /* Products */,
				C5D31A3C70CF61523A782BC1 /* Pods */,
			);
			sourceTree = "<group>";
		};
		080841F929C8FBF10030BB7E /* Products */ = {
			isa = PBXGroup;
			children = (
				080841F829C8FBF10030BB7E /* Horizonte Fahrtenbuch.app */,
				0808421129C8FBF20030BB7E /* Horizonte FahrtenbuchTests.xctest */,
				0808421B29C8FBF20030BB7E /* Horizonte FahrtenbuchUITests.xctest */,
			);
			name = Products;
			sourceTree = "<group>";
		};
		080841FA29C8FBF10030BB7E /* Horizonte Fahrtenbuch */ = {
			isa = PBXGroup;
			children = (
				08D09BD62A01AF8900ED0C09 /* Helper Classes */,
				087696C229F9C8C500246942 /* Custom Cells */,
				08C9BFB429F5BE220005DDA4 /* List Views */,
				08A9CC4429F3215E00D3D3A6 /* Datamodels */,
				0863585829F30C2000FA36D1 /* SubscreenClasses */,
				0816062929F0430C00B6F4A3 /* DetailViews */,
				087F308329CD0891009E52FC /* Delegates */,
				087F308229CD085D009E52FC /* Storyboards */,
				087F308129CD0844009E52FC /* Main Classes */,
			);
			path = "Horizonte Fahrtenbuch";
			sourceTree = "<group>";
		};
		0808421429C8FBF20030BB7E /* Horizonte FahrtenbuchTests */ = {
			isa = PBXGroup;
			children = (
				0808421529C8FBF20030BB7E /* Horizonte_FahrtenbuchTests.swift */,
			);
			path = "Horizonte FahrtenbuchTests";
			sourceTree = "<group>";
		};
		0808421E29C8FBF20030BB7E /* Horizonte FahrtenbuchUITests */ = {
			isa = PBXGroup;
			children = (
				0808421F29C8FBF20030BB7E /* Horizonte_FahrtenbuchUITests.swift */,
				0808422129C8FBF20030BB7E /* Horizonte_FahrtenbuchUITestsLaunchTests.swift */,
			);
			path = "Horizonte FahrtenbuchUITests";
			sourceTree = "<group>";
		};
		0816062929F0430C00B6F4A3 /* DetailViews */ = {
			isa = PBXGroup;
			children = (
				084F85E22A0EC61900D1045D /* clientDetailViewController.swift */,
				08CDD3D72A1406EF00D44868 /* routeDetailViewController.swift */,
				085DAE982A18FAE60028450A /* statsViewController.swift */,
				08671A8F2CB447B2001B1860 /* clientReportViewController.swift */,
				08E4F8422CBABA50009904ED /* detailStatsViewController.swift */,
			);
			path = DetailViews;
			sourceTree = "<group>";
		};
		0863585829F30C2000FA36D1 /* SubscreenClasses */ = {
			isa = PBXGroup;
			children = (
				0863585929F30C4100FA36D1 /* addContactViewController.swift */,
				08988D512A05165500425F0A /* addRideViewController.swift */,
			);
			path = SubscreenClasses;
			sourceTree = "<group>";
		};
		087696C229F9C8C500246942 /* Custom Cells */ = {
			isa = PBXGroup;
			children = (
				087696C329F9C8D700246942 /* pastRidesTableViewCell.swift */,
				08DCB78729FD3D5700446CD0 /* clientsTableViewCell.swift */,
				085DAE9A2A1901FD0028450A /* pastMonthRidesCell.swift */,
				087319502A1FEF8E008B3704 /* archivedRidesTableViewCell.swift */,
			);
			path = "Custom Cells";
			sourceTree = "<group>";
		};
		087F308129CD0844009E52FC /* Main Classes */ = {
			isa = PBXGroup;
			children = (
				080841FF29C8FBF10030BB7E /* ViewController.swift */,
				087F307F29CD07C0009E52FC /* MainMapViewViewController.swift */,
			);
			path = "Main Classes";
			sourceTree = "<group>";
		};
		087F308229CD085D009E52FC /* Storyboards */ = {
			isa = PBXGroup;
			children = (
				0808420129C8FBF10030BB7E /* Main.storyboard */,
				0808420929C8FBF20030BB7E /* LaunchScreen.storyboard */,
			);
			path = Storyboards;
			sourceTree = "<group>";
		};
		087F308329CD0891009E52FC /* Delegates */ = {
			isa = PBXGroup;
			children = (
				080841FB29C8FBF10030BB7E /* AppDelegate.swift */,
				080841FD29C8FBF10030BB7E /* SceneDelegate.swift */,
			);
			path = Delegates;
			sourceTree = "<group>";
		};
		08A9CC4429F3215E00D3D3A6 /* Datamodels */ = {
			isa = PBXGroup;
			children = (
				08A9CC4529F3217A00D3D3A6 /* clients.swift */,
				080DEDEF29F33A1800E51F8D /* currentRide.swift */,
				085DAE9C2A1909AC0028450A /* pastMonthRides.swift */,
				08B0BDC52A1EB4F700E3D675 /* personalDetails.swift */,
				087319542A1FF593008B3704 /* archivedRides.swift */,
			);
			path = Datamodels;
			sourceTree = "<group>";
		};
		08C9BFB429F5BE220005DDA4 /* List Views */ = {
			isa = PBXGroup;
			children = (
				08C9BFB929F5CB040005DDA4 /* contactsTableViewController.swift */,
				082C98D229F6E9FC00296204 /* pastRidesTableViewController.swift */,
				087319522A1FF195008B3704 /* archivedRidesTableViewController.swift */,
			);
			path = "List Views";
			sourceTree = "<group>";
		};
		08D09BD62A01AF8900ED0C09 /* Helper Classes */ = {
			isa = PBXGroup;
			children = (
				0830F3932A116E8200B061A3 /* customAnnotations.swift */,
				08B0BDC32A1EB3E200E3D675 /* personalDetailsViewController.swift */,
			);
			path = "Helper Classes";
			sourceTree = "<group>";
		};
		08DBAB2329EDE50C0044981E /* Frameworks */ = {
			isa = PBXGroup;
			children = (
				08AC0BF92AC8A55000F2E253 /* MusicKit.framework */,
				08DBAB2429EDE50C0044981E /* WidgetKit.framework */,
				08DBAB2629EDE50C0044981E /* SwiftUI.framework */,
				CA172ABB9533146C6AD3F589 /* Pods_Horizonte_Fahrtenbuch.framework */,
				905FB7000F9663815772F4D5 /* Pods_Horizonte_Fahrtenbuch_Horizonte_FahrtenbuchUITests.framework */,
				32625D4F8F1D735B1E277639 /* Pods_Horizonte_FahrtenbuchTests.framework */,
			);
			name = Frameworks;
			sourceTree = "<group>";
		};
		C5D31A3C70CF61523A782BC1 /* Pods */ = {
			isa = PBXGroup;
			children = (
				4AB943269ADD33D73C61A865 /* Pods-Horizonte Fahrtenbuch.debug.xcconfig */,
				47199320956C8B1E142BC711 /* Pods-Horizonte Fahrtenbuch.release.xcconfig */,
				3863F62F69EFEDF4381C97AD /* Pods-Horizonte Fahrtenbuch-Horizonte FahrtenbuchUITests.debug.xcconfig */,
				E7F69B8023C8B31E1FDC9957 /* Pods-Horizonte Fahrtenbuch-Horizonte FahrtenbuchUITests.release.xcconfig */,
				62538F828AEAF2BB781E96F8 /* Pods-Horizonte FahrtenbuchTests.debug.xcconfig */,
				18E2A00E83F74ABBFEA4819A /* Pods-Horizonte FahrtenbuchTests.release.xcconfig */,
			);
			path = Pods;
			sourceTree = "<group>";
		};
/* End PBXGroup section */

/* Begin PBXNativeTarget section */
		080841F729C8FBF10030BB7E /* Horizonte Fahrtenbuch */ = {
			isa = PBXNativeTarget;
			buildConfigurationList = 0808422529C8FBF20030BB7E /* Build configuration list for PBXNativeTarget "Horizonte Fahrtenbuch" */;
			buildPhases = (
				B870EFFFFF134D91D02D1693 /* [CP] Check Pods Manifest.lock */,
				080841F429C8FBF10030BB7E /* Sources */,
				080841F529C8FBF10030BB7E /* Frameworks */,
				080841F629C8FBF10030BB7E /* Resources */,
				08DBAB3829EDE50D0044981E /* Embed Foundation Extensions */,
				5D18292C973448BEBFDDB417 /* [CP] Embed Pods Frameworks */,
			);
			buildRules = (
			);
			dependencies = (
			);
			name = "Horizonte Fahrtenbuch";
			productName = "Horizonte Fahrtenbuch";
			productReference = 080841F829C8FBF10030BB7E /* Horizonte Fahrtenbuch.app */;
			productType = "com.apple.product-type.application";
		};
		0808421029C8FBF20030BB7E /* Horizonte FahrtenbuchTests */ = {
			isa = PBXNativeTarget;
			buildConfigurationList = 0808422829C8FBF20030BB7E /* Build configuration list for PBXNativeTarget "Horizonte FahrtenbuchTests" */;
			buildPhases = (
				B6D5C46D5A13A4827C8533AB /* [CP] Check Pods Manifest.lock */,
				0808420D29C8FBF20030BB7E /* Sources */,
				0808420E29C8FBF20030BB7E /* Frameworks */,
				0808420F29C8FBF20030BB7E /* Resources */,
			);
			buildRules = (
			);
			dependencies = (
				0808421329C8FBF20030BB7E /* PBXTargetDependency */,
			);
			name = "Horizonte FahrtenbuchTests";
			productName = "Horizonte FahrtenbuchTests";
			productReference = 0808421129C8FBF20030BB7E /* Horizonte FahrtenbuchTests.xctest */;
			productType = "com.apple.product-type.bundle.unit-test";
		};
		0808421A29C8FBF20030BB7E /* Horizonte FahrtenbuchUITests */ = {
			isa = PBXNativeTarget;
			buildConfigurationList = 0808422B29C8FBF20030BB7E /* Build configuration list for PBXNativeTarget "Horizonte FahrtenbuchUITests" */;
			buildPhases = (
				D998CAA889B696A75C766C02 /* [CP] Check Pods Manifest.lock */,
				0808421729C8FBF20030BB7E /* Sources */,
				0808421829C8FBF20030BB7E /* Frameworks */,
				0808421929C8FBF20030BB7E /* Resources */,
				30C21DB96E9957C0ABDAAC12 /* [CP] Embed Pods Frameworks */,
			);
			buildRules = (
			);
			dependencies = (
				0808421D29C8FBF20030BB7E /* PBXTargetDependency */,
			);
			name = "Horizonte FahrtenbuchUITests";
			productName = "Horizonte FahrtenbuchUITests";
			productReference = 0808421B29C8FBF20030BB7E /* Horizonte FahrtenbuchUITests.xctest */;
			productType = "com.apple.product-type.bundle.ui-testing";
		};
/* End PBXNativeTarget section */

/* Begin PBXProject section */
		080841F029C8FBF10030BB7E /* Project object */ = {
			isa = PBXProject;
			attributes = {
				BuildIndependentTargetsInParallel = 1;
				LastSwiftUpdateCheck = 1430;
				LastUpgradeCheck = 1620;
				TargetAttributes = {
					080841F729C8FBF10030BB7E = {
						CreatedOnToolsVersion = 14.2;
					};
					0808421029C8FBF20030BB7E = {
						CreatedOnToolsVersion = 14.2;
						TestTargetID = 080841F729C8FBF10030BB7E;
					};
					0808421A29C8FBF20030BB7E = {
						CreatedOnToolsVersion = 14.2;
						TestTargetID = 080841F729C8FBF10030BB7E;
					};
				};
			};
			buildConfigurationList = 080841F329C8FBF10030BB7E /* Build configuration list for PBXProject "Horizonte Fahrtenbuch" */;
			compatibilityVersion = "Xcode 14.0";
			developmentRegion = de;
			hasScannedForEncodings = 0;
			knownRegions = (
				en,
				Base,
				de,
			);
			mainGroup = 080841EF29C8FBF10030BB7E;
			productRefGroup = 080841F929C8FBF10030BB7E /* Products */;
			projectDirPath = "";
			projectRoot = "";
			targets = (
				080841F729C8FBF10030BB7E /* Horizonte Fahrtenbuch */,
				0808421029C8FBF20030BB7E /* Horizonte FahrtenbuchTests */,
				0808421A29C8FBF20030BB7E /* Horizonte FahrtenbuchUITests */,
			);
		};
/* End PBXProject section */

/* Begin PBXResourcesBuildPhase section */
		080841F629C8FBF10030BB7E /* Resources */ = {
			isa = PBXResourcesBuildPhase;
			buildActionMask = 2147483647;
			files = (
				0808420B29C8FBF20030BB7E /* LaunchScreen.storyboard in Resources */,
				0808420829C8FBF20030BB7E /* Assets.xcassets in Resources */,
				0808420329C8FBF10030BB7E /* Main.storyboard in Resources */,
			);
			runOnlyForDeploymentPostprocessing = 0;
		};
		0808420F29C8FBF20030BB7E /* Resources */ = {
			isa = PBXResourcesBuildPhase;
			buildActionMask = 2147483647;
			files = (
			);
			runOnlyForDeploymentPostprocessing = 0;
		};
		0808421929C8FBF20030BB7E /* Resources */ = {
			isa = PBXResourcesBuildPhase;
			buildActionMask = 2147483647;
			files = (
			);
			runOnlyForDeploymentPostprocessing = 0;
		};
/* End PBXResourcesBuildPhase section */

/* Begin PBXShellScriptBuildPhase section */
		30C21DB96E9957C0ABDAAC12 /* [CP] Embed Pods Frameworks */ = {
			isa = PBXShellScriptBuildPhase;
			buildActionMask = 2147483647;
			files = (
			);
			inputFileListPaths = (
				"${PODS_ROOT}/Target Support Files/Pods-Horizonte Fahrtenbuch-Horizonte FahrtenbuchUITests/Pods-Horizonte Fahrtenbuch-Horizonte FahrtenbuchUITests-frameworks-${CONFIGURATION}-input-files.xcfilelist",
			);
			name = "[CP] Embed Pods Frameworks";
			outputFileListPaths = (
				"${PODS_ROOT}/Target Support Files/Pods-Horizonte Fahrtenbuch-Horizonte FahrtenbuchUITests/Pods-Horizonte Fahrtenbuch-Horizonte FahrtenbuchUITests-frameworks-${CONFIGURATION}-output-files.xcfilelist",
			);
			runOnlyForDeploymentPostprocessing = 0;
			shellPath = /bin/sh;
			shellScript = "\"${PODS_ROOT}/Target Support Files/Pods-Horizonte Fahrtenbuch-Horizonte FahrtenbuchUITests/Pods-Horizonte Fahrtenbuch-Horizonte FahrtenbuchUITests-frameworks.sh\"\n";
			showEnvVarsInLog = 0;
		};
		5D18292C973448BEBFDDB417 /* [CP] Embed Pods Frameworks */ = {
			isa = PBXShellScriptBuildPhase;
			buildActionMask = 2147483647;
			files = (
			);
			inputFileListPaths = (
				"${PODS_ROOT}/Target Support Files/Pods-Horizonte Fahrtenbuch/Pods-Horizonte Fahrtenbuch-frameworks-${CONFIGURATION}-input-files.xcfilelist",
			);
			name = "[CP] Embed Pods Frameworks";
			outputFileListPaths = (
				"${PODS_ROOT}/Target Support Files/Pods-Horizonte Fahrtenbuch/Pods-Horizonte Fahrtenbuch-frameworks-${CONFIGURATION}-output-files.xcfilelist",
			);
			runOnlyForDeploymentPostprocessing = 0;
			shellPath = /bin/sh;
			shellScript = "\"${PODS_ROOT}/Target Support Files/Pods-Horizonte Fahrtenbuch/Pods-Horizonte Fahrtenbuch-frameworks.sh\"\n";
			showEnvVarsInLog = 0;
		};
		B6D5C46D5A13A4827C8533AB /* [CP] Check Pods Manifest.lock */ = {
			isa = PBXShellScriptBuildPhase;
			buildActionMask = 2147483647;
			files = (
			);
			inputFileListPaths = (
			);
			inputPaths = (
				"${PODS_PODFILE_DIR_PATH}/Podfile.lock",
				"${PODS_ROOT}/Manifest.lock",
			);
			name = "[CP] Check Pods Manifest.lock";
			outputFileListPaths = (
			);
			outputPaths = (
				"$(DERIVED_FILE_DIR)/Pods-Horizonte FahrtenbuchTests-checkManifestLockResult.txt",
			);
			runOnlyForDeploymentPostprocessing = 0;
			shellPath = /bin/sh;
			shellScript = "diff \"${PODS_PODFILE_DIR_PATH}/Podfile.lock\" \"${PODS_ROOT}/Manifest.lock\" > /dev/null\nif [ $? != 0 ] ; then\n    # print error to STDERR\n    echo \"error: The sandbox is not in sync with the Podfile.lock. Run 'pod install' or update your CocoaPods installation.\" >&2\n    exit 1\nfi\n# This output is used by Xcode 'outputs' to avoid re-running this script phase.\necho \"SUCCESS\" > \"${SCRIPT_OUTPUT_FILE_0}\"\n";
			showEnvVarsInLog = 0;
		};
		B870EFFFFF134D91D02D1693 /* [CP] Check Pods Manifest.lock */ = {
			isa = PBXShellScriptBuildPhase;
			buildActionMask = 2147483647;
			files = (
			);
			inputFileListPaths = (
			);
			inputPaths = (
				"${PODS_PODFILE_DIR_PATH}/Podfile.lock",
				"${PODS_ROOT}/Manifest.lock",
			);
			name = "[CP] Check Pods Manifest.lock";
			outputFileListPaths = (
			);
			outputPaths = (
				"$(DERIVED_FILE_DIR)/Pods-Horizonte Fahrtenbuch-checkManifestLockResult.txt",
			);
			runOnlyForDeploymentPostprocessing = 0;
			shellPath = /bin/sh;
			shellScript = "diff \"${PODS_PODFILE_DIR_PATH}/Podfile.lock\" \"${PODS_ROOT}/Manifest.lock\" > /dev/null\nif [ $? != 0 ] ; then\n    # print error to STDERR\n    echo \"error: The sandbox is not in sync with the Podfile.lock. Run 'pod install' or update your CocoaPods installation.\" >&2\n    exit 1\nfi\n# This output is used by Xcode 'outputs' to avoid re-running this script phase.\necho \"SUCCESS\" > \"${SCRIPT_OUTPUT_FILE_0}\"\n";
			showEnvVarsInLog = 0;
		};
		D998CAA889B696A75C766C02 /* [CP] Check Pods Manifest.lock */ = {
			isa = PBXShellScriptBuildPhase;
			buildActionMask = 2147483647;
			files = (
			);
			inputFileListPaths = (
			);
			inputPaths = (
				"${PODS_PODFILE_DIR_PATH}/Podfile.lock",
				"${PODS_ROOT}/Manifest.lock",
			);
			name = "[CP] Check Pods Manifest.lock";
			outputFileListPaths = (
			);
			outputPaths = (
				"$(DERIVED_FILE_DIR)/Pods-Horizonte Fahrtenbuch-Horizonte FahrtenbuchUITests-checkManifestLockResult.txt",
			);
			runOnlyForDeploymentPostprocessing = 0;
			shellPath = /bin/sh;
			shellScript = "diff \"${PODS_PODFILE_DIR_PATH}/Podfile.lock\" \"${PODS_ROOT}/Manifest.lock\" > /dev/null\nif [ $? != 0 ] ; then\n    # print error to STDERR\n    echo \"error: The sandbox is not in sync with the Podfile.lock. Run 'pod install' or update your CocoaPods installation.\" >&2\n    exit 1\nfi\n# This output is used by Xcode 'outputs' to avoid re-running this script phase.\necho \"SUCCESS\" > \"${SCRIPT_OUTPUT_FILE_0}\"\n";
			showEnvVarsInLog = 0;
		};
/* End PBXShellScriptBuildPhase section */

/* Begin PBXSourcesBuildPhase section */
		080841F429C8FBF10030BB7E /* Sources */ = {
			isa = PBXSourcesBuildPhase;
			buildActionMask = 2147483647;
			files = (
				08B0BDC62A1EB4F700E3D675 /* personalDetails.swift in Sources */,
				08B1A23C2A201898004291A8 /* archivedRidesTableViewController.swift in Sources */,
				08DCB78829FD3D5700446CD0 /* clientsTableViewCell.swift in Sources */,
				087F308029CD07C0009E52FC /* MainMapViewViewController.swift in Sources */,
				0808420029C8FBF10030BB7E /* ViewController.swift in Sources */,
				085DAE9D2A1909AC0028450A /* pastMonthRides.swift in Sources */,
				0808420629C8FBF10030BB7E /* Horizonte_Fahrtenbuch.xcdatamodeld in Sources */,
				085DAE9B2A1901FD0028450A /* pastMonthRidesCell.swift in Sources */,
				08CDD3D82A1406EF00D44868 /* routeDetailViewController.swift in Sources */,
				080841FC29C8FBF10030BB7E /* AppDelegate.swift in Sources */,
				08B0BDC42A1EB3E200E3D675 /* personalDetailsViewController.swift in Sources */,
				080DEDF029F33A1800E51F8D /* currentRide.swift in Sources */,
				0863585A29F30C4100FA36D1 /* addContactViewController.swift in Sources */,
				087319552A1FF593008B3704 /* archivedRides.swift in Sources */,
				087319512A1FEF8E008B3704 /* archivedRidesTableViewCell.swift in Sources */,
				08671A902CB447B2001B1860 /* clientReportViewController.swift in Sources */,
				082C98D329F6E9FC00296204 /* pastRidesTableViewController.swift in Sources */,
				087696C429F9C8D700246942 /* pastRidesTableViewCell.swift in Sources */,
				08C9BFBA29F5CB040005DDA4 /* contactsTableViewController.swift in Sources */,
				0830F3942A116E8200B061A3 /* customAnnotations.swift in Sources */,
				08A9CC4629F3217A00D3D3A6 /* clients.swift in Sources */,
				08988D522A05165500425F0A /* addRideViewController.swift in Sources */,
				085DAE992A18FAE60028450A /* statsViewController.swift in Sources */,
				080841FE29C8FBF10030BB7E /* SceneDelegate.swift in Sources */,
				08E4F8432CBABA50009904ED /* detailStatsViewController.swift in Sources */,
				084F85E32A0EC61900D1045D /* clientDetailViewController.swift in Sources */,
			);
			runOnlyForDeploymentPostprocessing = 0;
		};
		0808420D29C8FBF20030BB7E /* Sources */ = {
			isa = PBXSourcesBuildPhase;
			buildActionMask = 2147483647;
			files = (
			);
			runOnlyForDeploymentPostprocessing = 0;
		};
		0808421729C8FBF20030BB7E /* Sources */ = {
			isa = PBXSourcesBuildPhase;
			buildActionMask = 2147483647;
			files = (
				0808422229C8FBF20030BB7E /* Horizonte_FahrtenbuchUITestsLaunchTests.swift in Sources */,
				0809EB5829CD0A2500401FF3 /* Horizonte_FahrtenbuchTests.swift in Sources */,
				0808422029C8FBF20030BB7E /* Horizonte_FahrtenbuchUITests.swift in Sources */,
			);
			runOnlyForDeploymentPostprocessing = 0;
		};
/* End PBXSourcesBuildPhase section */

/* Begin PBXTargetDependency section */
		0808421329C8FBF20030BB7E /* PBXTargetDependency */ = {
			isa = PBXTargetDependency;
			target = 080841F729C8FBF10030BB7E /* Horizonte Fahrtenbuch */;
			targetProxy = 0808421229C8FBF20030BB7E /* PBXContainerItemProxy */;
		};
		0808421D29C8FBF20030BB7E /* PBXTargetDependency */ = {
			isa = PBXTargetDependency;
			target = 080841F729C8FBF10030BB7E /* Horizonte Fahrtenbuch */;
			targetProxy = 0808421C29C8FBF20030BB7E /* PBXContainerItemProxy */;
		};
/* End PBXTargetDependency section */

/* Begin PBXVariantGroup section */
		0808420129C8FBF10030BB7E /* Main.storyboard */ = {
			isa = PBXVariantGroup;
			children = (
				0808420229C8FBF10030BB7E /* Base */,
				082C98D029F6E4BA00296204 /* de */,
			);
			name = Main.storyboard;
			sourceTree = "<group>";
		};
		0808420929C8FBF20030BB7E /* LaunchScreen.storyboard */ = {
			isa = PBXVariantGroup;
			children = (
				0808420A29C8FBF20030BB7E /* Base */,
				082C98D129F6E4BA00296204 /* de */,
			);
			name = LaunchScreen.storyboard;
			sourceTree = "<group>";
		};
/* End PBXVariantGroup section */

/* Begin XCBuildConfiguration section */
		0808422329C8FBF20030BB7E /* Debug */ = {
			isa = XCBuildConfiguration;
			buildSettings = {
				ALWAYS_SEARCH_USER_PATHS = NO;
				CLANG_ANALYZER_LOCALIZABILITY_NONLOCALIZED = YES;
				CLANG_ANALYZER_NONNULL = YES;
				CLANG_ANALYZER_NUMBER_OBJECT_CONVERSION = YES_AGGRESSIVE;
				CLANG_CXX_LANGUAGE_STANDARD = "gnu++20";
				CLANG_ENABLE_MODULES = YES;
				CLANG_ENABLE_OBJC_ARC = YES;
				CLANG_ENABLE_OBJC_WEAK = YES;
				CLANG_WARN_BLOCK_CAPTURE_AUTORELEASING = YES;
				CLANG_WARN_BOOL_CONVERSION = YES;
				CLANG_WARN_COMMA = YES;
				CLANG_WARN_CONSTANT_CONVERSION = YES;
				CLANG_WARN_DEPRECATED_OBJC_IMPLEMENTATIONS = YES;
				CLANG_WARN_DIRECT_OBJC_ISA_USAGE = YES_ERROR;
				CLANG_WARN_DOCUMENTATION_COMMENTS = YES;
				CLANG_WARN_EMPTY_BODY = YES;
				CLANG_WARN_ENUM_CONVERSION = YES;
				CLANG_WARN_INFINITE_RECURSION = YES;
				CLANG_WARN_INT_CONVERSION = YES;
				CLANG_WARN_NON_LITERAL_NULL_CONVERSION = YES;
				CLANG_WARN_OBJC_IMPLICIT_RETAIN_SELF = YES;
				CLANG_WARN_OBJC_LITERAL_CONVERSION = YES;
				CLANG_WARN_OBJC_ROOT_CLASS = YES_ERROR;
				CLANG_WARN_QUOTED_INCLUDE_IN_FRAMEWORK_HEADER = YES;
				CLANG_WARN_RANGE_LOOP_ANALYSIS = YES;
				CLANG_WARN_STRICT_PROTOTYPES = YES;
				CLANG_WARN_SUSPICIOUS_MOVE = YES;
				CLANG_WARN_UNGUARDED_AVAILABILITY = YES_AGGRESSIVE;
				CLANG_WARN_UNREACHABLE_CODE = YES;
				CLANG_WARN__DUPLICATE_METHOD_MATCH = YES;
				COPY_PHASE_STRIP = NO;
				DEBUG_INFORMATION_FORMAT = dwarf;
				ENABLE_STRICT_OBJC_MSGSEND = YES;
				ENABLE_TESTABILITY = YES;
				GCC_C_LANGUAGE_STANDARD = gnu11;
				GCC_DYNAMIC_NO_PIC = NO;
				GCC_NO_COMMON_BLOCKS = YES;
				GCC_OPTIMIZATION_LEVEL = 0;
				GCC_PREPROCESSOR_DEFINITIONS = (
					"DEBUG=1",
					"$(inherited)",
				);
				GCC_WARN_64_TO_32_BIT_CONVERSION = YES;
				GCC_WARN_ABOUT_RETURN_TYPE = YES_ERROR;
				GCC_WARN_UNDECLARED_SELECTOR = YES;
				GCC_WARN_UNINITIALIZED_AUTOS = YES_AGGRESSIVE;
				GCC_WARN_UNUSED_FUNCTION = YES;
				GCC_WARN_UNUSED_VARIABLE = YES;
				IBSC_WARNINGS = NO;
				IPHONEOS_DEPLOYMENT_TARGET = 18.0;
				MTL_ENABLE_DEBUG_INFO = INCLUDE_SOURCE;
				MTL_FAST_MATH = YES;
				ONLY_ACTIVE_ARCH = YES;
				SDKROOT = iphoneos;
				SWIFT_ACTIVE_COMPILATION_CONDITIONS = DEBUG;
				SWIFT_OPTIMIZATION_LEVEL = "-Onone";
			};
			name = Debug;
		};
		0808422429C8FBF20030BB7E /* Release */ = {
			isa = XCBuildConfiguration;
			buildSettings = {
				ALWAYS_SEARCH_USER_PATHS = NO;
				CLANG_ANALYZER_LOCALIZABILITY_NONLOCALIZED = YES;
				CLANG_ANALYZER_NONNULL = YES;
				CLANG_ANALYZER_NUMBER_OBJECT_CONVERSION = YES_AGGRESSIVE;
				CLANG_CXX_LANGUAGE_STANDARD = "gnu++20";
				CLANG_ENABLE_MODULES = YES;
				CLANG_ENABLE_OBJC_ARC = YES;
				CLANG_ENABLE_OBJC_WEAK = YES;
				CLANG_WARN_BLOCK_CAPTURE_AUTORELEASING = YES;
				CLANG_WARN_BOOL_CONVERSION = YES;
				CLANG_WARN_COMMA = YES;
				CLANG_WARN_CONSTANT_CONVERSION = YES;
				CLANG_WARN_DEPRECATED_OBJC_IMPLEMENTATIONS = YES;
				CLANG_WARN_DIRECT_OBJC_ISA_USAGE = YES_ERROR;
				CLANG_WARN_DOCUMENTATION_COMMENTS = YES;
				CLANG_WARN_EMPTY_BODY = YES;
				CLANG_WARN_ENUM_CONVERSION = YES;
				CLANG_WARN_INFINITE_RECURSION = YES;
				CLANG_WARN_INT_CONVERSION = YES;
				CLANG_WARN_NON_LITERAL_NULL_CONVERSION = YES;
				CLANG_WARN_OBJC_IMPLICIT_RETAIN_SELF = YES;
				CLANG_WARN_OBJC_LITERAL_CONVERSION = YES;
				CLANG_WARN_OBJC_ROOT_CLASS = YES_ERROR;
				CLANG_WARN_QUOTED_INCLUDE_IN_FRAMEWORK_HEADER = YES;
				CLANG_WARN_RANGE_LOOP_ANALYSIS = YES;
				CLANG_WARN_STRICT_PROTOTYPES = YES;
				CLANG_WARN_SUSPICIOUS_MOVE = YES;
				CLANG_WARN_UNGUARDED_AVAILABILITY = YES_AGGRESSIVE;
				CLANG_WARN_UNREACHABLE_CODE = YES;
				CLANG_WARN__DUPLICATE_METHOD_MATCH = YES;
				COPY_PHASE_STRIP = NO;
				DEBUG_INFORMATION_FORMAT = "dwarf-with-dsym";
				ENABLE_NS_ASSERTIONS = NO;
				ENABLE_STRICT_OBJC_MSGSEND = YES;
				GCC_C_LANGUAGE_STANDARD = gnu11;
				GCC_NO_COMMON_BLOCKS = YES;
				GCC_WARN_64_TO_32_BIT_CONVERSION = YES;
				GCC_WARN_ABOUT_RETURN_TYPE = YES_ERROR;
				GCC_WARN_UNDECLARED_SELECTOR = YES;
				GCC_WARN_UNINITIALIZED_AUTOS = YES_AGGRESSIVE;
				GCC_WARN_UNUSED_FUNCTION = YES;
				GCC_WARN_UNUSED_VARIABLE = YES;
				IBSC_WARNINGS = NO;
				IPHONEOS_DEPLOYMENT_TARGET = 18.0;
				MTL_ENABLE_DEBUG_INFO = NO;
				MTL_FAST_MATH = YES;
				SDKROOT = iphoneos;
				SWIFT_COMPILATION_MODE = wholemodule;
				SWIFT_OPTIMIZATION_LEVEL = "-O";
				VALIDATE_PRODUCT = YES;
			};
			name = Release;
		};
		0808422629C8FBF20030BB7E /* Debug */ = {
			isa = XCBuildConfiguration;
			baseConfigurationReference = 4AB943269ADD33D73C61A865 /* Pods-Horizonte Fahrtenbuch.debug.xcconfig */;
			buildSettings = {
				ASSETCATALOG_COMPILER_APPICON_NAME = AppIcon;
				ASSETCATALOG_COMPILER_GLOBAL_ACCENT_COLOR_NAME = AccentColor;
				CODE_SIGN_ENTITLEMENTS = "Horizonte Fahrtenbuch/Horizonte Fahrtenbuch.entitlements";
				CODE_SIGN_IDENTITY = "Apple Development";
				CODE_SIGN_STYLE = Automatic;
				CURRENT_PROJECT_VERSION = 34;
				DEVELOPMENT_TEAM = 2DK4UX7R4C;
				GENERATE_INFOPLIST_FILE = YES;
				INFOPLIST_FILE = "Horizonte Fahrtenbuch/Info.plist";
				INFOPLIST_KEY_CFBundleDisplayName = Fahrtenbuch;
				INFOPLIST_KEY_LSApplicationCategoryType = "public.app-category.utilities";
				INFOPLIST_KEY_LSSupportsOpeningDocumentsInPlace = YES;
				INFOPLIST_KEY_NSFaceIDUsageDescription = "Möchtest du die App zukunftig mit FaceID oder TouchID schützen?";
				INFOPLIST_KEY_NSLocationAlwaysAndWhenInUseUsageDescription = "Falls \"Immer\" gewählt wird, nutzt die App GPS auch dann wenn sie im Hintergrund ist.";
				INFOPLIST_KEY_NSLocationUsageDescription = "";
				INFOPLIST_KEY_NSLocationWhenInUseUsageDescription = "Wir benötigen die GPS Daten um die Fahrten aufzeichnen zu können.";
				INFOPLIST_KEY_UIApplicationSupportsIndirectInputEvents = YES;
				INFOPLIST_KEY_UILaunchStoryboardName = LaunchScreen;
				INFOPLIST_KEY_UIMainStoryboardFile = Main;
				INFOPLIST_KEY_UISupportedInterfaceOrientations = UIInterfaceOrientationPortrait;
				INFOPLIST_KEY_UISupportedInterfaceOrientations_iPad = "UIInterfaceOrientationLandscapeLeft UIInterfaceOrientationLandscapeRight UIInterfaceOrientationPortrait UIInterfaceOrientationPortraitUpsideDown";
				IPHONEOS_DEPLOYMENT_TARGET = 18.0;
				LD_RUNPATH_SEARCH_PATHS = (
					"$(inherited)",
					"@executable_path/Frameworks",
				);
				MARKETING_VERSION = 7.0.6;
				PRODUCT_BUNDLE_IDENTIFIER = "com.horizonte.ch.Horizonte-Fahrtenbuch";
				PRODUCT_NAME = "$(TARGET_NAME)";
				PROVISIONING_PROFILE_SPECIFIER = "";
				SUPPORTED_PLATFORMS = "iphoneos iphonesimulator";
				SUPPORTS_MACCATALYST = NO;
				SUPPORTS_MAC_DESIGNED_FOR_IPHONE_IPAD = NO;
				SUPPORTS_XR_DESIGNED_FOR_IPHONE_IPAD = NO;
				SWIFT_EMIT_LOC_STRINGS = YES;
				SWIFT_VERSION = 5.0;
				TARGETED_DEVICE_FAMILY = 1;
			};
			name = Debug;
		};
		0808422729C8FBF20030BB7E /* Release */ = {
			isa = XCBuildConfiguration;
			baseConfigurationReference = 47199320956C8B1E142BC711 /* Pods-Horizonte Fahrtenbuch.release.xcconfig */;
			buildSettings = {
				ASSETCATALOG_COMPILER_APPICON_NAME = AppIcon;
				ASSETCATALOG_COMPILER_GLOBAL_ACCENT_COLOR_NAME = AccentColor;
				CODE_SIGN_ENTITLEMENTS = "Horizonte Fahrtenbuch/Horizonte Fahrtenbuch.entitlements";
				CODE_SIGN_IDENTITY = "Apple Development";
				CODE_SIGN_STYLE = Automatic;
				CURRENT_PROJECT_VERSION = 34;
				DEVELOPMENT_TEAM = 2DK4UX7R4C;
				GENERATE_INFOPLIST_FILE = YES;
				INFOPLIST_FILE = "Horizonte Fahrtenbuch/Info.plist";
				INFOPLIST_KEY_CFBundleDisplayName = Fahrtenbuch;
				INFOPLIST_KEY_LSApplicationCategoryType = "public.app-category.utilities";
				INFOPLIST_KEY_LSSupportsOpeningDocumentsInPlace = YES;
				INFOPLIST_KEY_NSFaceIDUsageDescription = "Möchtest du die App zukunftig mit FaceID oder TouchID schützen?";
				INFOPLIST_KEY_NSLocationAlwaysAndWhenInUseUsageDescription = "Falls \"Immer\" gewählt wird, nutzt die App GPS auch dann wenn sie im Hintergrund ist.";
				INFOPLIST_KEY_NSLocationUsageDescription = "";
				INFOPLIST_KEY_NSLocationWhenInUseUsageDescription = "Wir benötigen die GPS Daten um die Fahrten aufzeichnen zu können.";
				INFOPLIST_KEY_UIApplicationSupportsIndirectInputEvents = YES;
				INFOPLIST_KEY_UILaunchStoryboardName = LaunchScreen;
				INFOPLIST_KEY_UIMainStoryboardFile = Main;
				INFOPLIST_KEY_UISupportedInterfaceOrientations = UIInterfaceOrientationPortrait;
				INFOPLIST_KEY_UISupportedInterfaceOrientations_iPad = "UIInterfaceOrientationLandscapeLeft UIInterfaceOrientationLandscapeRight UIInterfaceOrientationPortrait UIInterfaceOrientationPortraitUpsideDown";
				IPHONEOS_DEPLOYMENT_TARGET = 18.0;
				LD_RUNPATH_SEARCH_PATHS = (
					"$(inherited)",
					"@executable_path/Frameworks",
				);
				MARKETING_VERSION = 7.0.6;
				PRODUCT_BUNDLE_IDENTIFIER = "com.horizonte.ch.Horizonte-Fahrtenbuch";
				PRODUCT_NAME = "$(TARGET_NAME)";
				PROVISIONING_PROFILE_SPECIFIER = "";
				SUPPORTED_PLATFORMS = "iphoneos iphonesimulator";
				SUPPORTS_MACCATALYST = NO;
				SUPPORTS_MAC_DESIGNED_FOR_IPHONE_IPAD = NO;
				SUPPORTS_XR_DESIGNED_FOR_IPHONE_IPAD = NO;
				SWIFT_EMIT_LOC_STRINGS = YES;
				SWIFT_VERSION = 5.0;
				TARGETED_DEVICE_FAMILY = 1;
			};
			name = Release;
		};
		0808422929C8FBF20030BB7E /* Debug */ = {
			isa = XCBuildConfiguration;
			baseConfigurationReference = 62538F828AEAF2BB781E96F8 /* Pods-Horizonte FahrtenbuchTests.debug.xcconfig */;
			buildSettings = {
				BUNDLE_LOADER = "$(TEST_HOST)";
				CODE_SIGN_STYLE = Automatic;
				CURRENT_PROJECT_VERSION = 1;
				DEVELOPMENT_TEAM = 2DK4UX7R4C;
				GENERATE_INFOPLIST_FILE = YES;
				IPHONEOS_DEPLOYMENT_TARGET = 18.0;
				MARKETING_VERSION = 1.0;
				PRODUCT_BUNDLE_IDENTIFIER = "com.horizonte.ch.Horizonte-FahrtenbuchTests";
				PRODUCT_NAME = "$(TARGET_NAME)";
				SWIFT_EMIT_LOC_STRINGS = NO;
				SWIFT_VERSION = 5.0;
				TARGETED_DEVICE_FAMILY = "1,2";
				TEST_HOST = "$(BUILT_PRODUCTS_DIR)/Horizonte Fahrtenbuch.app/$(BUNDLE_EXECUTABLE_FOLDER_PATH)/Horizonte Fahrtenbuch";
			};
			name = Debug;
		};
		0808422A29C8FBF20030BB7E /* Release */ = {
			isa = XCBuildConfiguration;
			baseConfigurationReference = 18E2A00E83F74ABBFEA4819A /* Pods-Horizonte FahrtenbuchTests.release.xcconfig */;
			buildSettings = {
				BUNDLE_LOADER = "$(TEST_HOST)";
				CODE_SIGN_STYLE = Automatic;
				CURRENT_PROJECT_VERSION = 1;
				DEVELOPMENT_TEAM = 2DK4UX7R4C;
				GENERATE_INFOPLIST_FILE = YES;
				IPHONEOS_DEPLOYMENT_TARGET = 18.0;
				MARKETING_VERSION = 1.0;
				PRODUCT_BUNDLE_IDENTIFIER = "com.horizonte.ch.Horizonte-FahrtenbuchTests";
				PRODUCT_NAME = "$(TARGET_NAME)";
				SWIFT_EMIT_LOC_STRINGS = NO;
				SWIFT_VERSION = 5.0;
				TARGETED_DEVICE_FAMILY = "1,2";
				TEST_HOST = "$(BUILT_PRODUCTS_DIR)/Horizonte Fahrtenbuch.app/$(BUNDLE_EXECUTABLE_FOLDER_PATH)/Horizonte Fahrtenbuch";
			};
			name = Release;
		};
		0808422C29C8FBF20030BB7E /* Debug */ = {
			isa = XCBuildConfiguration;
			baseConfigurationReference = 3863F62F69EFEDF4381C97AD /* Pods-Horizonte Fahrtenbuch-Horizonte FahrtenbuchUITests.debug.xcconfig */;
			buildSettings = {
				CODE_SIGN_IDENTITY = "Apple Development";
				CODE_SIGN_STYLE = Automatic;
				CURRENT_PROJECT_VERSION = 1;
				DEVELOPMENT_TEAM = 2DK4UX7R4C;
				GENERATE_INFOPLIST_FILE = YES;
				MARKETING_VERSION = 1.0;
				PRODUCT_BUNDLE_IDENTIFIER = "com.horizonte.ch.Horizonte-FahrtenbuchUITests";
				PRODUCT_NAME = "$(TARGET_NAME)";
				PROVISIONING_PROFILE_SPECIFIER = "";
				SWIFT_EMIT_LOC_STRINGS = NO;
				SWIFT_VERSION = 5.0;
				TARGETED_DEVICE_FAMILY = "1,2";
				TEST_TARGET_NAME = "Horizonte Fahrtenbuch";
			};
			name = Debug;
		};
		0808422D29C8FBF20030BB7E /* Release */ = {
			isa = XCBuildConfiguration;
			baseConfigurationReference = E7F69B8023C8B31E1FDC9957 /* Pods-Horizonte Fahrtenbuch-Horizonte FahrtenbuchUITests.release.xcconfig */;
			buildSettings = {
				CODE_SIGN_IDENTITY = "Apple Development";
				CODE_SIGN_STYLE = Automatic;
				CURRENT_PROJECT_VERSION = 1;
				DEVELOPMENT_TEAM = 2DK4UX7R4C;
				GENERATE_INFOPLIST_FILE = YES;
				MARKETING_VERSION = 1.0;
				PRODUCT_BUNDLE_IDENTIFIER = "com.horizonte.ch.Horizonte-FahrtenbuchUITests";
				PRODUCT_NAME = "$(TARGET_NAME)";
				PROVISIONING_PROFILE_SPECIFIER = "";
				SWIFT_EMIT_LOC_STRINGS = NO;
				SWIFT_VERSION = 5.0;
				TARGETED_DEVICE_FAMILY = "1,2";
				TEST_TARGET_NAME = "Horizonte Fahrtenbuch";
			};
			name = Release;
		};
/* End XCBuildConfiguration section */

/* Begin XCConfigurationList section */
		080841F329C8FBF10030BB7E /* Build configuration list for PBXProject "Horizonte Fahrtenbuch" */ = {
			isa = XCConfigurationList;
			buildConfigurations = (
				0808422329C8FBF20030BB7E /* Debug */,
				0808422429C8FBF20030BB7E /* Release */,
			);
			defaultConfigurationIsVisible = 0;
			defaultConfigurationName = Release;
		};
		0808422529C8FBF20030BB7E /* Build configuration list for PBXNativeTarget "Horizonte Fahrtenbuch" */ = {
			isa = XCConfigurationList;
			buildConfigurations = (
				0808422629C8FBF20030BB7E /* Debug */,
				0808422729C8FBF20030BB7E /* Release */,
			);
			defaultConfigurationIsVisible = 0;
			defaultConfigurationName = Release;
		};
		0808422829C8FBF20030BB7E /* Build configuration list for PBXNativeTarget "Horizonte FahrtenbuchTests" */ = {
			isa = XCConfigurationList;
			buildConfigurations = (
				0808422929C8FBF20030BB7E /* Debug */,
				0808422A29C8FBF20030BB7E /* Release */,
			);
			defaultConfigurationIsVisible = 0;
			defaultConfigurationName = Release;
		};
		0808422B29C8FBF20030BB7E /* Build configuration list for PBXNativeTarget "Horizonte FahrtenbuchUITests" */ = {
			isa = XCConfigurationList;
			buildConfigurations = (
				0808422C29C8FBF20030BB7E /* Debug */,
				0808422D29C8FBF20030BB7E /* Release */,
			);
			defaultConfigurationIsVisible = 0;
			defaultConfigurationName = Release;
		};
/* End XCConfigurationList section */

/* Begin XCVersionGroup section */
		0808420429C8FBF10030BB7E /* Horizonte_Fahrtenbuch.xcdatamodeld */ = {
			isa = XCVersionGroup;
			children = (
				0808420529C8FBF10030BB7E /* Horizonte_Fahrtenbuch.xcdatamodel */,
			);
			currentVersion = 0808420529C8FBF10030BB7E /* Horizonte_Fahrtenbuch.xcdatamodel */;
			path = Horizonte_Fahrtenbuch.xcdatamodeld;
			sourceTree = "<group>";
			versionGroupType = wrapper.xcdatamodel;
		};
/* End XCVersionGroup section */
	};
	rootObject = 080841F029C8FBF10030BB7E /* Project object */;
}
