PODS:
  - IQKeyboardManagerSwift (6.5.16)
  - Realm (10.45.0):
    - Realm/Headers (= 10.45.0)
  - Realm/Headers (10.45.0)
  - RealmSwift (10.45.0):
    - Realm (= 10.45.0)

DEPENDENCIES:
  - IQKeyboardManagerSwift
  - RealmSwift (~> 10)

SPEC REPOS:
  trunk:
    - IQKeyboardManagerSwift
    - Realm
    - RealmSwift

SPEC CHECKSUMS:
  IQKeyboardManagerSwift: 12d89768845bb77b55cc092ecc2b1f9370f06b76
  Realm: 6604fa855b0aa6e8cab451373445413708dca398
  RealmSwift: e5ae14b314f3569f053563f88366d6f07e9ade62

PODFILE CHECKSUM: bcc82cbd3f46e5e6b917e59c1edfb451f55c5e7f

COCOAPODS: 1.14.3
