PODS:
  - IQKeyboardManagerSwift (7.0.2)
  - Realm (10.50.0):
    - Realm/Headers (= 10.50.0)
  - Realm/Headers (10.50.0)
  - RealmSwift (10.50.0):
    - Realm (= 10.50.0)

DEPENDENCIES:
  - IQKeyboardManagerSwift
  - RealmSwift (~> 10)

SPEC REPOS:
  trunk:
    - IQKeyboardManagerSwift
    - Realm
    - RealmSwift

SPEC CHECKSUMS:
  IQKeyboardManagerSwift: d338c11a896e9f29603443700c4567e32f830c22
  Realm: a0a6a99e3dfa8959358a95c3c05845b5e5d6af30
  RealmSwift: fa111fb98e092a4dff1d0785ad0c3483feda607a

PODFILE CHECKSUM: bcc82cbd3f46e5e6b917e59c1edfb451f55c5e7f

COCOAPODS: 1.15.2
